// !$*UTF8*$!
{
	archiveVersion = 1;
	classes = {
	};
	objectVersion = 50;
	objects = {

/* Begin PBXBuildFile section */
		551420A924C3D6D200A22E9A /* Meter.swift in Sources */ = {isa = PBXBuildFile; fileRef = 551420A824C3D6D200A22E9A /* Meter.swift */; };
		558CABAC24B99931002D115B /* CloudModel.swift in Sources */ = {isa = PBXBuildFile; fileRef = 558CABAB24B99931002D115B /* CloudModel.swift */; };
		558CABAF24B999F7002D115B /* ServerService.swift in Sources */ = {isa = PBXBuildFile; fileRef = 558CABAE24B999F7002D115B /* ServerService.swift */; };
		558CABB124B99B42002D115B /* CloudService.swift in Sources */ = {isa = PBXBuildFile; fileRef = 558CABB024B99B42002D115B /* CloudService.swift */; };
		558CABB424B9A05A002D115B /* RowLoadingView.swift in Sources */ = {isa = PBXBuildFile; fileRef = 558CABB324B9A05A002D115B /* RowLoadingView.swift */; };
		558CABB724B9A435002D115B /* AddServerForm.swift in Sources */ = {isa = PBXBuildFile; fileRef = 558CABB624B9A435002D115B /* AddServerForm.swift */; };
		55BA431024C332C900599345 /* NDServer.swift in Sources */ = {isa = PBXBuildFile; fileRef = 55BA430F24C332C900599345 /* NDServer.swift */; };
		55BA431224C3395400599345 /* NDChartData.swift in Sources */ = {isa = PBXBuildFile; fileRef = 55BA431124C3395400599345 /* NDChartData.swift */; };
		55BFBA2524CC474A004461D3 /* NetDataAPI.swift in Sources */ = {isa = PBXBuildFile; fileRef = 55BFBA2424CC474A004461D3 /* NetDataAPI.swift */; };
		55BFBA2724CC4EA1004461D3 /* Agent.swift in Sources */ = {isa = PBXBuildFile; fileRef = 55BFBA2624CC4EA1004461D3 /* Agent.swift */; };
		55BFBA2924CC5875004461D3 /* ServerListViewModel.swift in Sources */ = {isa = PBXBuildFile; fileRef = 55BFBA2824CC5875004461D3 /* ServerListViewModel.swift */; };
		55C638F924CBE6B800395B23 /* PercentageUsageData.swift in Sources */ = {isa = PBXBuildFile; fileRef = 55C638F824CBE6B800395B23 /* PercentageUsageData.swift */; };
		55C638FB24CBEFCA00395B23 /* AbsoluteUsageData.swift in Sources */ = {isa = PBXBuildFile; fileRef = 55C638FA24CBEFCA00395B23 /* AbsoluteUsageData.swift */; };
		55C638FD24CBFBA400395B23 /* DataGrid.swift in Sources */ = {isa = PBXBuildFile; fileRef = 55C638FC24CBFBA400395B23 /* DataGrid.swift */; };
		55C638FF24CC1A4D00395B23 /* BorderedBarButtonStyle.swift in Sources */ = {isa = PBXBuildFile; fileRef = 55C638FE24CC1A4D00395B23 /* BorderedBarButtonStyle.swift */; };
		55C6390124CC300500395B23 /* ReadableGuidePadding.swift in Sources */ = {isa = PBXBuildFile; fileRef = 55C6390024CC300500395B23 /* ReadableGuidePadding.swift */; };
		55D1C50224B95E6D0087F8A2 /* netdataApp.swift in Sources */ = {isa = PBXBuildFile; fileRef = 55D1C50124B95E6D0087F8A2 /* netdataApp.swift */; };
		55D1C50424B95E6D0087F8A2 /* TabberView.swift in Sources */ = {isa = PBXBuildFile; fileRef = 55D1C50324B95E6D0087F8A2 /* TabberView.swift */; };
		55D1C50624B95E6F0087F8A2 /* Assets.xcassets in Resources */ = {isa = PBXBuildFile; fileRef = 55D1C50524B95E6F0087F8A2 /* Assets.xcassets */; };
		55D1C50924B95E6F0087F8A2 /* Preview Assets.xcassets in Resources */ = {isa = PBXBuildFile; fileRef = 55D1C50824B95E6F0087F8A2 /* Preview Assets.xcassets */; };
		55D1C51424B95E6F0087F8A2 /* netdataTests.swift in Sources */ = {isa = PBXBuildFile; fileRef = 55D1C51324B95E6F0087F8A2 /* netdataTests.swift */; };
		55D1C51F24B95E6F0087F8A2 /* netdataUITests.swift in Sources */ = {isa = PBXBuildFile; fileRef = 55D1C51E24B95E6F0087F8A2 /* netdataUITests.swift */; };
		55D1C52E24B95F580087F8A2 /* ServerListView.swift in Sources */ = {isa = PBXBuildFile; fileRef = 55D1C52D24B95F580087F8A2 /* ServerListView.swift */; };
		55D1C53424B9636E0087F8A2 /* ServerModel.swift in Sources */ = {isa = PBXBuildFile; fileRef = 55D1C53324B9636E0087F8A2 /* ServerModel.swift */; };
		55D1C53824B969AC0087F8A2 /* CloudKit.framework in Frameworks */ = {isa = PBXBuildFile; fileRef = 55D1C53724B969AC0087F8A2 /* CloudKit.framework */; };
		55FC8F6B24BAD8F100CA8751 /* ServerDetailView.swift in Sources */ = {isa = PBXBuildFile; fileRef = 55FC8F6A24BAD8F100CA8751 /* ServerDetailView.swift */; };
		55FC8F6E24BADA5B00CA8751 /* SettingsView.swift in Sources */ = {isa = PBXBuildFile; fileRef = 55FC8F6D24BADA5B00CA8751 /* SettingsView.swift */; };
/* End PBXBuildFile section */

/* Begin PBXContainerItemProxy section */
		55D1C51024B95E6F0087F8A2 /* PBXContainerItemProxy */ = {
			isa = PBXContainerItemProxy;
			containerPortal = 55D1C4F624B95E6D0087F8A2 /* Project object */;
			proxyType = 1;
			remoteGlobalIDString = 55D1C4FD24B95E6D0087F8A2;
			remoteInfo = netdata;
		};
		55D1C51B24B95E6F0087F8A2 /* PBXContainerItemProxy */ = {
			isa = PBXContainerItemProxy;
			containerPortal = 55D1C4F624B95E6D0087F8A2 /* Project object */;
			proxyType = 1;
			remoteGlobalIDString = 55D1C4FD24B95E6D0087F8A2;
			remoteInfo = netdata;
		};
/* End PBXContainerItemProxy section */

/* Begin PBXFileReference section */
		551420A824C3D6D200A22E9A /* Meter.swift */ = {isa = PBXFileReference; lastKnownFileType = sourcecode.swift; path = Meter.swift; sourceTree = "<group>"; };
		558CABAB24B99931002D115B /* CloudModel.swift */ = {isa = PBXFileReference; lastKnownFileType = sourcecode.swift; path = CloudModel.swift; sourceTree = "<group>"; };
		558CABAE24B999F7002D115B /* ServerService.swift */ = {isa = PBXFileReference; lastKnownFileType = sourcecode.swift; path = ServerService.swift; sourceTree = "<group>"; };
		558CABB024B99B42002D115B /* CloudService.swift */ = {isa = PBXFileReference; lastKnownFileType = sourcecode.swift; path = CloudService.swift; sourceTree = "<group>"; };
		558CABB324B9A05A002D115B /* RowLoadingView.swift */ = {isa = PBXFileReference; lastKnownFileType = sourcecode.swift; path = RowLoadingView.swift; sourceTree = "<group>"; };
		558CABB624B9A435002D115B /* AddServerForm.swift */ = {isa = PBXFileReference; lastKnownFileType = sourcecode.swift; path = AddServerForm.swift; sourceTree = "<group>"; };
		55BA430F24C332C900599345 /* NDServer.swift */ = {isa = PBXFileReference; lastKnownFileType = sourcecode.swift; path = NDServer.swift; sourceTree = "<group>"; };
		55BA431124C3395400599345 /* NDChartData.swift */ = {isa = PBXFileReference; lastKnownFileType = sourcecode.swift; path = NDChartData.swift; sourceTree = "<group>"; };
		55BFBA2424CC474A004461D3 /* NetDataAPI.swift */ = {isa = PBXFileReference; lastKnownFileType = sourcecode.swift; path = NetDataAPI.swift; sourceTree = "<group>"; };
		55BFBA2624CC4EA1004461D3 /* Agent.swift */ = {isa = PBXFileReference; lastKnownFileType = sourcecode.swift; path = Agent.swift; sourceTree = "<group>"; };
		55BFBA2824CC5875004461D3 /* ServerListViewModel.swift */ = {isa = PBXFileReference; lastKnownFileType = sourcecode.swift; path = ServerListViewModel.swift; sourceTree = "<group>"; };
		55C638F824CBE6B800395B23 /* PercentageUsageData.swift */ = {isa = PBXFileReference; lastKnownFileType = sourcecode.swift; path = PercentageUsageData.swift; sourceTree = "<group>"; };
		55C638FA24CBEFCA00395B23 /* AbsoluteUsageData.swift */ = {isa = PBXFileReference; lastKnownFileType = sourcecode.swift; path = AbsoluteUsageData.swift; sourceTree = "<group>"; };
		55C638FC24CBFBA400395B23 /* DataGrid.swift */ = {isa = PBXFileReference; lastKnownFileType = sourcecode.swift; path = DataGrid.swift; sourceTree = "<group>"; };
		55C638FE24CC1A4D00395B23 /* BorderedBarButtonStyle.swift */ = {isa = PBXFileReference; lastKnownFileType = sourcecode.swift; path = BorderedBarButtonStyle.swift; sourceTree = "<group>"; };
		55C6390024CC300500395B23 /* ReadableGuidePadding.swift */ = {isa = PBXFileReference; lastKnownFileType = sourcecode.swift; path = ReadableGuidePadding.swift; sourceTree = "<group>"; };
		55D1C4FE24B95E6D0087F8A2 /* netdata.app */ = {isa = PBXFileReference; explicitFileType = wrapper.application; includeInIndex = 0; path = netdata.app; sourceTree = BUILT_PRODUCTS_DIR; };
		55D1C50124B95E6D0087F8A2 /* netdataApp.swift */ = {isa = PBXFileReference; lastKnownFileType = sourcecode.swift; path = netdataApp.swift; sourceTree = "<group>"; };
		55D1C50324B95E6D0087F8A2 /* TabberView.swift */ = {isa = PBXFileReference; lastKnownFileType = sourcecode.swift; path = TabberView.swift; sourceTree = "<group>"; };
		55D1C50524B95E6F0087F8A2 /* Assets.xcassets */ = {isa = PBXFileReference; lastKnownFileType = folder.assetcatalog; path = Assets.xcassets; sourceTree = "<group>"; };
		55D1C50824B95E6F0087F8A2 /* Preview Assets.xcassets */ = {isa = PBXFileReference; lastKnownFileType = folder.assetcatalog; path = "Preview Assets.xcassets"; sourceTree = "<group>"; };
		55D1C50A24B95E6F0087F8A2 /* Info.plist */ = {isa = PBXFileReference; lastKnownFileType = text.plist.xml; path = Info.plist; sourceTree = "<group>"; };
		55D1C50F24B95E6F0087F8A2 /* netdataTests.xctest */ = {isa = PBXFileReference; explicitFileType = wrapper.cfbundle; includeInIndex = 0; path = netdataTests.xctest; sourceTree = BUILT_PRODUCTS_DIR; };
		55D1C51324B95E6F0087F8A2 /* netdataTests.swift */ = {isa = PBXFileReference; lastKnownFileType = sourcecode.swift; path = netdataTests.swift; sourceTree = "<group>"; };
		55D1C51524B95E6F0087F8A2 /* Info.plist */ = {isa = PBXFileReference; lastKnownFileType = text.plist.xml; path = Info.plist; sourceTree = "<group>"; };
		55D1C51A24B95E6F0087F8A2 /* netdataUITests.xctest */ = {isa = PBXFileReference; explicitFileType = wrapper.cfbundle; includeInIndex = 0; path = netdataUITests.xctest; sourceTree = BUILT_PRODUCTS_DIR; };
		55D1C51E24B95E6F0087F8A2 /* netdataUITests.swift */ = {isa = PBXFileReference; lastKnownFileType = sourcecode.swift; path = netdataUITests.swift; sourceTree = "<group>"; };
		55D1C52024B95E6F0087F8A2 /* Info.plist */ = {isa = PBXFileReference; lastKnownFileType = text.plist.xml; path = Info.plist; sourceTree = "<group>"; };
		55D1C52D24B95F580087F8A2 /* ServerListView.swift */ = {isa = PBXFileReference; lastKnownFileType = sourcecode.swift; path = ServerListView.swift; sourceTree = "<group>"; };
		55D1C53324B9636E0087F8A2 /* ServerModel.swift */ = {isa = PBXFileReference; lastKnownFileType = sourcecode.swift; path = ServerModel.swift; sourceTree = "<group>"; };
		55D1C53524B969A50087F8A2 /* netdata.entitlements */ = {isa = PBXFileReference; lastKnownFileType = text.plist.entitlements; path = netdata.entitlements; sourceTree = "<group>"; };
		55D1C53724B969AC0087F8A2 /* CloudKit.framework */ = {isa = PBXFileReference; lastKnownFileType = wrapper.framework; name = CloudKit.framework; path = System/Library/Frameworks/CloudKit.framework; sourceTree = SDKROOT; };
		55FC8F6A24BAD8F100CA8751 /* ServerDetailView.swift */ = {isa = PBXFileReference; lastKnownFileType = sourcecode.swift; path = ServerDetailView.swift; sourceTree = "<group>"; };
		55FC8F6D24BADA5B00CA8751 /* SettingsView.swift */ = {isa = PBXFileReference; lastKnownFileType = sourcecode.swift; path = SettingsView.swift; sourceTree = "<group>"; };
/* End PBXFileReference section */

/* Begin PBXFrameworksBuildPhase section */
		55D1C4FB24B95E6D0087F8A2 /* Frameworks */ = {
			isa = PBXFrameworksBuildPhase;
			buildActionMask = 2147483647;
			files = (
				55D1C53824B969AC0087F8A2 /* CloudKit.framework in Frameworks */,
			);
			runOnlyForDeploymentPostprocessing = 0;
		};
		55D1C50C24B95E6F0087F8A2 /* Frameworks */ = {
			isa = PBXFrameworksBuildPhase;
			buildActionMask = 2147483647;
			files = (
			);
			runOnlyForDeploymentPostprocessing = 0;
		};
		55D1C51724B95E6F0087F8A2 /* Frameworks */ = {
			isa = PBXFrameworksBuildPhase;
			buildActionMask = 2147483647;
			files = (
			);
			runOnlyForDeploymentPostprocessing = 0;
		};
/* End PBXFrameworksBuildPhase section */

/* Begin PBXGroup section */
		558CABAA24B99923002D115B /* protocols */ = {
			isa = PBXGroup;
			children = (
				558CABAB24B99931002D115B /* CloudModel.swift */,
				558CABB024B99B42002D115B /* CloudService.swift */,
			);
			path = protocols;
			sourceTree = "<group>";
		};
		558CABAD24B999E7002D115B /* services */ = {
			isa = PBXGroup;
			children = (
				55BA430E24C332B800599345 /* models */,
				558CABAE24B999F7002D115B /* ServerService.swift */,
				55BFBA2424CC474A004461D3 /* NetDataAPI.swift */,
				55BFBA2624CC4EA1004461D3 /* Agent.swift */,
			);
			path = services;
			sourceTree = "<group>";
		};
		558CABB224B9A041002D115B /* shared */ = {
			isa = PBXGroup;
			children = (
				558CABB324B9A05A002D115B /* RowLoadingView.swift */,
				551420A824C3D6D200A22E9A /* Meter.swift */,
				55C638F824CBE6B800395B23 /* PercentageUsageData.swift */,
				55C638FA24CBEFCA00395B23 /* AbsoluteUsageData.swift */,
				55C638FC24CBFBA400395B23 /* DataGrid.swift */,
				55C638FE24CC1A4D00395B23 /* BorderedBarButtonStyle.swift */,
				55C6390024CC300500395B23 /* ReadableGuidePadding.swift */,
			);
			path = shared;
			sourceTree = "<group>";
		};
		558CABB524B9A420002D115B /* servers */ = {
			isa = PBXGroup;
			children = (
				55D1C52D24B95F580087F8A2 /* ServerListView.swift */,
				558CABB624B9A435002D115B /* AddServerForm.swift */,
				55FC8F6A24BAD8F100CA8751 /* ServerDetailView.swift */,
			);
			path = servers;
			sourceTree = "<group>";
		};
		55BA430E24C332B800599345 /* models */ = {
			isa = PBXGroup;
			children = (
				55BA430F24C332C900599345 /* NDServer.swift */,
				55BA431124C3395400599345 /* NDChartData.swift */,
			);
			path = models;
			sourceTree = "<group>";
		};
		55D1C4F524B95E6D0087F8A2 = {
			isa = PBXGroup;
			children = (
				55D1C50024B95E6D0087F8A2 /* netdata */,
				55D1C51224B95E6F0087F8A2 /* netdataTests */,
				55D1C51D24B95E6F0087F8A2 /* netdataUITests */,
				55D1C4FF24B95E6D0087F8A2 /* Products */,
				55D1C53624B969AC0087F8A2 /* Frameworks */,
			);
			sourceTree = "<group>";
		};
		55D1C4FF24B95E6D0087F8A2 /* Products */ = {
			isa = PBXGroup;
			children = (
				55D1C4FE24B95E6D0087F8A2 /* netdata.app */,
				55D1C50F24B95E6F0087F8A2 /* netdataTests.xctest */,
				55D1C51A24B95E6F0087F8A2 /* netdataUITests.xctest */,
			);
			name = Products;
			sourceTree = "<group>";
		};
		55D1C50024B95E6D0087F8A2 /* netdata */ = {
			isa = PBXGroup;
			children = (
				558CABAD24B999E7002D115B /* services */,
				558CABAA24B99923002D115B /* protocols */,
				55D1C53524B969A50087F8A2 /* netdata.entitlements */,
				55D1C53224B9635D0087F8A2 /* models */,
				55D1C52F24B962F50087F8A2 /* viewModels */,
				55D1C52C24B95F030087F8A2 /* views */,
				55D1C50124B95E6D0087F8A2 /* netdataApp.swift */,
				55D1C50524B95E6F0087F8A2 /* Assets.xcassets */,
				55D1C50A24B95E6F0087F8A2 /* Info.plist */,
				55D1C50724B95E6F0087F8A2 /* Preview Content */,
			);
			path = netdata;
			sourceTree = "<group>";
		};
		55D1C50724B95E6F0087F8A2 /* Preview Content */ = {
			isa = PBXGroup;
			children = (
				55D1C50824B95E6F0087F8A2 /* Preview Assets.xcassets */,
			);
			path = "Preview Content";
			sourceTree = "<group>";
		};
		55D1C51224B95E6F0087F8A2 /* netdataTests */ = {
			isa = PBXGroup;
			children = (
				55D1C51324B95E6F0087F8A2 /* netdataTests.swift */,
				55D1C51524B95E6F0087F8A2 /* Info.plist */,
			);
			path = netdataTests;
			sourceTree = "<group>";
		};
		55D1C51D24B95E6F0087F8A2 /* netdataUITests */ = {
			isa = PBXGroup;
			children = (
				55D1C51E24B95E6F0087F8A2 /* netdataUITests.swift */,
				55D1C52024B95E6F0087F8A2 /* Info.plist */,
			);
			path = netdataUITests;
			sourceTree = "<group>";
		};
		55D1C52C24B95F030087F8A2 /* views */ = {
			isa = PBXGroup;
			children = (
				55FC8F6C24BADA4B00CA8751 /* settings */,
				558CABB524B9A420002D115B /* servers */,
				558CABB224B9A041002D115B /* shared */,
				55D1C50324B95E6D0087F8A2 /* TabberView.swift */,
			);
			path = views;
			sourceTree = "<group>";
		};
		55D1C52F24B962F50087F8A2 /* viewModels */ = {
			isa = PBXGroup;
			children = (
				55BFBA2824CC5875004461D3 /* ServerListViewModel.swift */,
			);
			path = viewModels;
			sourceTree = "<group>";
		};
		55D1C53224B9635D0087F8A2 /* models */ = {
			isa = PBXGroup;
			children = (
				55D1C53324B9636E0087F8A2 /* ServerModel.swift */,
			);
			path = models;
			sourceTree = "<group>";
		};
		55D1C53624B969AC0087F8A2 /* Frameworks */ = {
			isa = PBXGroup;
			children = (
				55D1C53724B969AC0087F8A2 /* CloudKit.framework */,
			);
			name = Frameworks;
			sourceTree = "<group>";
		};
		55FC8F6C24BADA4B00CA8751 /* settings */ = {
			isa = PBXGroup;
			children = (
				55FC8F6D24BADA5B00CA8751 /* SettingsView.swift */,
			);
			path = settings;
			sourceTree = "<group>";
		};
/* End PBXGroup section */

/* Begin PBXNativeTarget section */
		55D1C4FD24B95E6D0087F8A2 /* netdata */ = {
			isa = PBXNativeTarget;
			buildConfigurationList = 55D1C52324B95E6F0087F8A2 /* Build configuration list for PBXNativeTarget "netdata" */;
			buildPhases = (
				55D1C4FA24B95E6D0087F8A2 /* Sources */,
				55D1C4FB24B95E6D0087F8A2 /* Frameworks */,
				55D1C4FC24B95E6D0087F8A2 /* Resources */,
			);
			buildRules = (
			);
			dependencies = (
			);
			name = netdata;
			packageProductDependencies = (
			);
			productName = netdata;
			productReference = 55D1C4FE24B95E6D0087F8A2 /* netdata.app */;
			productType = "com.apple.product-type.application";
		};
		55D1C50E24B95E6F0087F8A2 /* netdataTests */ = {
			isa = PBXNativeTarget;
			buildConfigurationList = 55D1C52624B95E6F0087F8A2 /* Build configuration list for PBXNativeTarget "netdataTests" */;
			buildPhases = (
				55D1C50B24B95E6F0087F8A2 /* Sources */,
				55D1C50C24B95E6F0087F8A2 /* Frameworks */,
				55D1C50D24B95E6F0087F8A2 /* Resources */,
			);
			buildRules = (
			);
			dependencies = (
				55D1C51124B95E6F0087F8A2 /* PBXTargetDependency */,
			);
			name = netdataTests;
			productName = netdataTests;
			productReference = 55D1C50F24B95E6F0087F8A2 /* netdataTests.xctest */;
			productType = "com.apple.product-type.bundle.unit-test";
		};
		55D1C51924B95E6F0087F8A2 /* netdataUITests */ = {
			isa = PBXNativeTarget;
			buildConfigurationList = 55D1C52924B95E6F0087F8A2 /* Build configuration list for PBXNativeTarget "netdataUITests" */;
			buildPhases = (
				55D1C51624B95E6F0087F8A2 /* Sources */,
				55D1C51724B95E6F0087F8A2 /* Frameworks */,
				55D1C51824B95E6F0087F8A2 /* Resources */,
			);
			buildRules = (
			);
			dependencies = (
				55D1C51C24B95E6F0087F8A2 /* PBXTargetDependency */,
			);
			name = netdataUITests;
			productName = netdataUITests;
			productReference = 55D1C51A24B95E6F0087F8A2 /* netdataUITests.xctest */;
			productType = "com.apple.product-type.bundle.ui-testing";
		};
/* End PBXNativeTarget section */

/* Begin PBXProject section */
		55D1C4F624B95E6D0087F8A2 /* Project object */ = {
			isa = PBXProject;
			attributes = {
				LastSwiftUpdateCheck = 1200;
				LastUpgradeCheck = 1200;
				TargetAttributes = {
					55D1C4FD24B95E6D0087F8A2 = {
						CreatedOnToolsVersion = 12.0;
					};
					55D1C50E24B95E6F0087F8A2 = {
						CreatedOnToolsVersion = 12.0;
						TestTargetID = 55D1C4FD24B95E6D0087F8A2;
					};
					55D1C51924B95E6F0087F8A2 = {
						CreatedOnToolsVersion = 12.0;
						TestTargetID = 55D1C4FD24B95E6D0087F8A2;
					};
				};
			};
			buildConfigurationList = 55D1C4F924B95E6D0087F8A2 /* Build configuration list for PBXProject "netdata" */;
			compatibilityVersion = "Xcode 9.3";
			developmentRegion = en;
			hasScannedForEncodings = 0;
			knownRegions = (
				en,
				Base,
			);
			mainGroup = 55D1C4F524B95E6D0087F8A2;
			packageReferences = (
			);
			productRefGroup = 55D1C4FF24B95E6D0087F8A2 /* Products */;
			projectDirPath = "";
			projectRoot = "";
			targets = (
				55D1C4FD24B95E6D0087F8A2 /* netdata */,
				55D1C50E24B95E6F0087F8A2 /* netdataTests */,
				55D1C51924B95E6F0087F8A2 /* netdataUITests */,
			);
		};
/* End PBXProject section */

/* Begin PBXResourcesBuildPhase section */
		55D1C4FC24B95E6D0087F8A2 /* Resources */ = {
			isa = PBXResourcesBuildPhase;
			buildActionMask = 2147483647;
			files = (
				55D1C50924B95E6F0087F8A2 /* Preview Assets.xcassets in Resources */,
				55D1C50624B95E6F0087F8A2 /* Assets.xcassets in Resources */,
			);
			runOnlyForDeploymentPostprocessing = 0;
		};
		55D1C50D24B95E6F0087F8A2 /* Resources */ = {
			isa = PBXResourcesBuildPhase;
			buildActionMask = 2147483647;
			files = (
			);
			runOnlyForDeploymentPostprocessing = 0;
		};
		55D1C51824B95E6F0087F8A2 /* Resources */ = {
			isa = PBXResourcesBuildPhase;
			buildActionMask = 2147483647;
			files = (
			);
			runOnlyForDeploymentPostprocessing = 0;
		};
/* End PBXResourcesBuildPhase section */

/* Begin PBXSourcesBuildPhase section */
		55D1C4FA24B95E6D0087F8A2 /* Sources */ = {
			isa = PBXSourcesBuildPhase;
			buildActionMask = 2147483647;
			files = (
				55FC8F6B24BAD8F100CA8751 /* ServerDetailView.swift in Sources */,
				558CABB424B9A05A002D115B /* RowLoadingView.swift in Sources */,
				55BFBA2924CC5875004461D3 /* ServerListViewModel.swift in Sources */,
				55D1C50424B95E6D0087F8A2 /* TabberView.swift in Sources */,
				558CABAC24B99931002D115B /* CloudModel.swift in Sources */,
				558CABAF24B999F7002D115B /* ServerService.swift in Sources */,
				55BFBA2524CC474A004461D3 /* NetDataAPI.swift in Sources */,
				55D1C50224B95E6D0087F8A2 /* netdataApp.swift in Sources */,
				55D1C53424B9636E0087F8A2 /* ServerModel.swift in Sources */,
				55BFBA2724CC4EA1004461D3 /* Agent.swift in Sources */,
				55BA431224C3395400599345 /* NDChartData.swift in Sources */,
				55C638F924CBE6B800395B23 /* PercentageUsageData.swift in Sources */,
				55C6390124CC300500395B23 /* ReadableGuidePadding.swift in Sources */,
				55BA431024C332C900599345 /* NDServer.swift in Sources */,
				55C638FD24CBFBA400395B23 /* DataGrid.swift in Sources */,
				558CABB124B99B42002D115B /* CloudService.swift in Sources */,
				55D1C52E24B95F580087F8A2 /* ServerListView.swift in Sources */,
				55C638FB24CBEFCA00395B23 /* AbsoluteUsageData.swift in Sources */,
				551420A924C3D6D200A22E9A /* Meter.swift in Sources */,
				55C638FF24CC1A4D00395B23 /* BorderedBarButtonStyle.swift in Sources */,
				558CABB724B9A435002D115B /* AddServerForm.swift in Sources */,
				55FC8F6E24BADA5B00CA8751 /* SettingsView.swift in Sources */,
			);
			runOnlyForDeploymentPostprocessing = 0;
		};
		55D1C50B24B95E6F0087F8A2 /* Sources */ = {
			isa = PBXSourcesBuildPhase;
			buildActionMask = 2147483647;
			files = (
				55D1C51424B95E6F0087F8A2 /* netdataTests.swift in Sources */,
			);
			runOnlyForDeploymentPostprocessing = 0;
		};
		55D1C51624B95E6F0087F8A2 /* Sources */ = {
			isa = PBXSourcesBuildPhase;
			buildActionMask = 2147483647;
			files = (
				55D1C51F24B95E6F0087F8A2 /* netdataUITests.swift in Sources */,
			);
			runOnlyForDeploymentPostprocessing = 0;
		};
/* End PBXSourcesBuildPhase section */

/* Begin PBXTargetDependency section */
		55D1C51124B95E6F0087F8A2 /* PBXTargetDependency */ = {
			isa = PBXTargetDependency;
			target = 55D1C4FD24B95E6D0087F8A2 /* netdata */;
			targetProxy = 55D1C51024B95E6F0087F8A2 /* PBXContainerItemProxy */;
		};
		55D1C51C24B95E6F0087F8A2 /* PBXTargetDependency */ = {
			isa = PBXTargetDependency;
			target = 55D1C4FD24B95E6D0087F8A2 /* netdata */;
			targetProxy = 55D1C51B24B95E6F0087F8A2 /* PBXContainerItemProxy */;
		};
/* End PBXTargetDependency section */

/* Begin XCBuildConfiguration section */
		55D1C52124B95E6F0087F8A2 /* Debug */ = {
			isa = XCBuildConfiguration;
			buildSettings = {
				ALWAYS_SEARCH_USER_PATHS = NO;
				CLANG_ANALYZER_NONNULL = YES;
				CLANG_ANALYZER_NUMBER_OBJECT_CONVERSION = YES_AGGRESSIVE;
				CLANG_CXX_LANGUAGE_STANDARD = "gnu++14";
				CLANG_CXX_LIBRARY = "libc++";
				CLANG_ENABLE_MODULES = YES;
				CLANG_ENABLE_OBJC_ARC = YES;
				CLANG_ENABLE_OBJC_WEAK = YES;
				CLANG_WARN_BLOCK_CAPTURE_AUTORELEASING = YES;
				CLANG_WARN_BOOL_CONVERSION = YES;
				CLANG_WARN_COMMA = YES;
				CLANG_WARN_CONSTANT_CONVERSION = YES;
				CLANG_WARN_DEPRECATED_OBJC_IMPLEMENTATIONS = YES;
				CLANG_WARN_DIRECT_OBJC_ISA_USAGE = YES_ERROR;
				CLANG_WARN_DOCUMENTATION_COMMENTS = YES;
				CLANG_WARN_EMPTY_BODY = YES;
				CLANG_WARN_ENUM_CONVERSION = YES;
				CLANG_WARN_INFINITE_RECURSION = YES;
				CLANG_WARN_INT_CONVERSION = YES;
				CLANG_WARN_NON_LITERAL_NULL_CONVERSION = YES;
				CLANG_WARN_OBJC_IMPLICIT_RETAIN_SELF = YES;
				CLANG_WARN_OBJC_LITERAL_CONVERSION = YES;
				CLANG_WARN_OBJC_ROOT_CLASS = YES_ERROR;
				CLANG_WARN_QUOTED_INCLUDE_IN_FRAMEWORK_HEADER = YES;
				CLANG_WARN_RANGE_LOOP_ANALYSIS = YES;
				CLANG_WARN_STRICT_PROTOTYPES = YES;
				CLANG_WARN_SUSPICIOUS_MOVE = YES;
				CLANG_WARN_UNGUARDED_AVAILABILITY = YES_AGGRESSIVE;
				CLANG_WARN_UNREACHABLE_CODE = YES;
				CLANG_WARN__DUPLICATE_METHOD_MATCH = YES;
				COPY_PHASE_STRIP = NO;
				DEBUG_INFORMATION_FORMAT = dwarf;
				ENABLE_STRICT_OBJC_MSGSEND = YES;
				ENABLE_TESTABILITY = YES;
				GCC_C_LANGUAGE_STANDARD = gnu11;
				GCC_DYNAMIC_NO_PIC = NO;
				GCC_NO_COMMON_BLOCKS = YES;
				GCC_OPTIMIZATION_LEVEL = 0;
				GCC_PREPROCESSOR_DEFINITIONS = (
					"DEBUG=1",
					"$(inherited)",
				);
				GCC_WARN_64_TO_32_BIT_CONVERSION = YES;
				GCC_WARN_ABOUT_RETURN_TYPE = YES_ERROR;
				GCC_WARN_UNDECLARED_SELECTOR = YES;
				GCC_WARN_UNINITIALIZED_AUTOS = YES_AGGRESSIVE;
				GCC_WARN_UNUSED_FUNCTION = YES;
				GCC_WARN_UNUSED_VARIABLE = YES;
				IPHONEOS_DEPLOYMENT_TARGET = 14.0;
				MTL_ENABLE_DEBUG_INFO = INCLUDE_SOURCE;
				MTL_FAST_MATH = YES;
				ONLY_ACTIVE_ARCH = YES;
				SDKROOT = iphoneos;
				SWIFT_ACTIVE_COMPILATION_CONDITIONS = DEBUG;
				SWIFT_OPTIMIZATION_LEVEL = "-Onone";
			};
			name = Debug;
		};
		55D1C52224B95E6F0087F8A2 /* Release */ = {
			isa = XCBuildConfiguration;
			buildSettings = {
				ALWAYS_SEARCH_USER_PATHS = NO;
				CLANG_ANALYZER_NONNULL = YES;
				CLANG_ANALYZER_NUMBER_OBJECT_CONVERSION = YES_AGGRESSIVE;
				CLANG_CXX_LANGUAGE_STANDARD = "gnu++14";
				CLANG_CXX_LIBRARY = "libc++";
				CLANG_ENABLE_MODULES = YES;
				CLANG_ENABLE_OBJC_ARC = YES;
				CLANG_ENABLE_OBJC_WEAK = YES;
				CLANG_WARN_BLOCK_CAPTURE_AUTORELEASING = YES;
				CLANG_WARN_BOOL_CONVERSION = YES;
				CLANG_WARN_COMMA = YES;
				CLANG_WARN_CONSTANT_CONVERSION = YES;
				CLANG_WARN_DEPRECATED_OBJC_IMPLEMENTATIONS = YES;
				CLANG_WARN_DIRECT_OBJC_ISA_USAGE = YES_ERROR;
				CLANG_WARN_DOCUMENTATION_COMMENTS = YES;
				CLANG_WARN_EMPTY_BODY = YES;
				CLANG_WARN_ENUM_CONVERSION = YES;
				CLANG_WARN_INFINITE_RECURSION = YES;
				CLANG_WARN_INT_CONVERSION = YES;
				CLANG_WARN_NON_LITERAL_NULL_CONVERSION = YES;
				CLANG_WARN_OBJC_IMPLICIT_RETAIN_SELF = YES;
				CLANG_WARN_OBJC_LITERAL_CONVERSION = YES;
				CLANG_WARN_OBJC_ROOT_CLASS = YES_ERROR;
				CLANG_WARN_QUOTED_INCLUDE_IN_FRAMEWORK_HEADER = YES;
				CLANG_WARN_RANGE_LOOP_ANALYSIS = YES;
				CLANG_WARN_STRICT_PROTOTYPES = YES;
				CLANG_WARN_SUSPICIOUS_MOVE = YES;
				CLANG_WARN_UNGUARDED_AVAILABILITY = YES_AGGRESSIVE;
				CLANG_WARN_UNREACHABLE_CODE = YES;
				CLANG_WARN__DUPLICATE_METHOD_MATCH = YES;
				COPY_PHASE_STRIP = NO;
				DEBUG_INFORMATION_FORMAT = "dwarf-with-dsym";
				ENABLE_NS_ASSERTIONS = NO;
				ENABLE_STRICT_OBJC_MSGSEND = YES;
				GCC_C_LANGUAGE_STANDARD = gnu11;
				GCC_NO_COMMON_BLOCKS = YES;
				GCC_WARN_64_TO_32_BIT_CONVERSION = YES;
				GCC_WARN_ABOUT_RETURN_TYPE = YES_ERROR;
				GCC_WARN_UNDECLARED_SELECTOR = YES;
				GCC_WARN_UNINITIALIZED_AUTOS = YES_AGGRESSIVE;
				GCC_WARN_UNUSED_FUNCTION = YES;
				GCC_WARN_UNUSED_VARIABLE = YES;
				IPHONEOS_DEPLOYMENT_TARGET = 14.0;
				MTL_ENABLE_DEBUG_INFO = NO;
				MTL_FAST_MATH = YES;
				SDKROOT = iphoneos;
				SWIFT_COMPILATION_MODE = wholemodule;
				SWIFT_OPTIMIZATION_LEVEL = "-O";
				VALIDATE_PRODUCT = YES;
			};
			name = Release;
		};
		55D1C52424B95E6F0087F8A2 /* Debug */ = {
			isa = XCBuildConfiguration;
			buildSettings = {
				ASSETCATALOG_COMPILER_APPICON_NAME = AppIcon;
				ASSETCATALOG_COMPILER_GLOBAL_ACCENT_COLOR_NAME = AccentColor;
				CODE_SIGN_ENTITLEMENTS = netdata/netdata.entitlements;
				CODE_SIGN_STYLE = Automatic;
				DEVELOPMENT_ASSET_PATHS = "\"netdata/Preview Content\"";
				DEVELOPMENT_TEAM = H78GYE72WQ;
				ENABLE_PREVIEWS = YES;
				INFOPLIST_FILE = netdata/Info.plist;
				IPHONEOS_DEPLOYMENT_TARGET = 14.0;
				LD_RUNPATH_SEARCH_PATHS = (
					"$(inherited)",
					"@executable_path/Frameworks",
				);
				PRODUCT_BUNDLE_IDENTIFIER = com.techulus.netdata;
				PRODUCT_NAME = "$(TARGET_NAME)";
				SWIFT_VERSION = 5.0;
				TARGETED_DEVICE_FAMILY = "1,2";
			};
			name = Debug;
		};
		55D1C52524B95E6F0087F8A2 /* Release */ = {
			isa = XCBuildConfiguration;
			buildSettings = {
				ASSETCATALOG_COMPILER_APPICON_NAME = AppIcon;
				ASSETCATALOG_COMPILER_GLOBAL_ACCENT_COLOR_NAME = AccentColor;
				CODE_SIGN_ENTITLEMENTS = netdata/netdata.entitlements;
				CODE_SIGN_STYLE = Automatic;
				DEVELOPMENT_ASSET_PATHS = "\"netdata/Preview Content\"";
				DEVELOPMENT_TEAM = H78GYE72WQ;
				ENABLE_PREVIEWS = YES;
				INFOPLIST_FILE = netdata/Info.plist;
				IPHONEOS_DEPLOYMENT_TARGET = 14.0;
				LD_RUNPATH_SEARCH_PATHS = (
					"$(inherited)",
					"@executable_path/Frameworks",
				);
				PRODUCT_BUNDLE_IDENTIFIER = com.techulus.netdata;
				PRODUCT_NAME = "$(TARGET_NAME)";
				SWIFT_VERSION = 5.0;
				TARGETED_DEVICE_FAMILY = "1,2";
			};
			name = Release;
		};
		55D1C52724B95E6F0087F8A2 /* Debug */ = {
			isa = XCBuildConfiguration;
			buildSettings = {
				ALWAYS_EMBED_SWIFT_STANDARD_LIBRARIES = YES;
				BUNDLE_LOADER = "$(TEST_HOST)";
				CODE_SIGN_STYLE = Automatic;
				DEVELOPMENT_TEAM = H78GYE72WQ;
				INFOPLIST_FILE = netdataTests/Info.plist;
				IPHONEOS_DEPLOYMENT_TARGET = 14.0;
				LD_RUNPATH_SEARCH_PATHS = (
					"$(inherited)",
					"@executable_path/Frameworks",
					"@loader_path/Frameworks",
				);
				PRODUCT_BUNDLE_IDENTIFIER = com.techulus.netdataTests;
				PRODUCT_NAME = "$(TARGET_NAME)";
				SWIFT_VERSION = 5.0;
				TARGETED_DEVICE_FAMILY = "1,2";
				TEST_HOST = "$(BUILT_PRODUCTS_DIR)/netdata.app/netdata";
			};
			name = Debug;
		};
		55D1C52824B95E6F0087F8A2 /* Release */ = {
			isa = XCBuildConfiguration;
			buildSettings = {
				ALWAYS_EMBED_SWIFT_STANDARD_LIBRARIES = YES;
				BUNDLE_LOADER = "$(TEST_HOST)";
				CODE_SIGN_STYLE = Automatic;
				DEVELOPMENT_TEAM = H78GYE72WQ;
				INFOPLIST_FILE = netdataTests/Info.plist;
				IPHONEOS_DEPLOYMENT_TARGET = 14.0;
				LD_RUNPATH_SEARCH_PATHS = (
					"$(inherited)",
					"@executable_path/Frameworks",
					"@loader_path/Frameworks",
				);
				PRODUCT_BUNDLE_IDENTIFIER = com.techulus.netdataTests;
				PRODUCT_NAME = "$(TARGET_NAME)";
				SWIFT_VERSION = 5.0;
				TARGETED_DEVICE_FAMILY = "1,2";
				TEST_HOST = "$(BUILT_PRODUCTS_DIR)/netdata.app/netdata";
			};
			name = Release;
		};
		55D1C52A24B95E6F0087F8A2 /* Debug */ = {
			isa = XCBuildConfiguration;
			buildSettings = {
				ALWAYS_EMBED_SWIFT_STANDARD_LIBRARIES = YES;
				CODE_SIGN_STYLE = Automatic;
				DEVELOPMENT_TEAM = H78GYE72WQ;
				INFOPLIST_FILE = netdataUITests/Info.plist;
				LD_RUNPATH_SEARCH_PATHS = (
					"$(inherited)",
					"@executable_path/Frameworks",
					"@loader_path/Frameworks",
				);
				PRODUCT_BUNDLE_IDENTIFIER = com.techulus.netdataUITests;
				PRODUCT_NAME = "$(TARGET_NAME)";
				SWIFT_VERSION = 5.0;
				TARGETED_DEVICE_FAMILY = "1,2";
				TEST_TARGET_NAME = netdata;
			};
			name = Debug;
		};
		55D1C52B24B95E6F0087F8A2 /* Release */ = {
			isa = XCBuildConfiguration;
			buildSettings = {
				ALWAYS_EMBED_SWIFT_STANDARD_LIBRARIES = YES;
				CODE_SIGN_STYLE = Automatic;
				DEVELOPMENT_TEAM = H78GYE72WQ;
				INFOPLIST_FILE = netdataUITests/Info.plist;
				LD_RUNPATH_SEARCH_PATHS = (
					"$(inherited)",
					"@executable_path/Frameworks",
					"@loader_path/Frameworks",
				);
				PRODUCT_BUNDLE_IDENTIFIER = com.techulus.netdataUITests;
				PRODUCT_NAME = "$(TARGET_NAME)";
				SWIFT_VERSION = 5.0;
				TARGETED_DEVICE_FAMILY = "1,2";
				TEST_TARGET_NAME = netdata;
			};
			name = Release;
		};
/* End XCBuildConfiguration section */

/* Begin XCConfigurationList section */
		55D1C4F924B95E6D0087F8A2 /* Build configuration list for PBXProject "netdata" */ = {
			isa = XCConfigurationList;
			buildConfigurations = (
				55D1C52124B95E6F0087F8A2 /* Debug */,
				55D1C52224B95E6F0087F8A2 /* Release */,
			);
			defaultConfigurationIsVisible = 0;
			defaultConfigurationName = Release;
		};
		55D1C52324B95E6F0087F8A2 /* Build configuration list for PBXNativeTarget "netdata" */ = {
			isa = XCConfigurationList;
			buildConfigurations = (
				55D1C52424B95E6F0087F8A2 /* Debug */,
				55D1C52524B95E6F0087F8A2 /* Release */,
			);
			defaultConfigurationIsVisible = 0;
			defaultConfigurationName = Release;
		};
		55D1C52624B95E6F0087F8A2 /* Build configuration list for PBXNativeTarget "netdataTests" */ = {
			isa = XCConfigurationList;
			buildConfigurations = (
				55D1C52724B95E6F0087F8A2 /* Debug */,
				55D1C52824B95E6F0087F8A2 /* Release */,
			);
			defaultConfigurationIsVisible = 0;
			defaultConfigurationName = Release;
		};
		55D1C52924B95E6F0087F8A2 /* Build configuration list for PBXNativeTarget "netdataUITests" */ = {
			isa = XCConfigurationList;
			buildConfigurations = (
				55D1C52A24B95E6F0087F8A2 /* Debug */,
				55D1C52B24B95E6F0087F8A2 /* Release */,
			);
			defaultConfigurationIsVisible = 0;
			defaultConfigurationName = Release;
		};
/* End XCConfigurationList section */
	};
	rootObject = 55D1C4F624B95E6D0087F8A2 /* Project object */;
}
