// !$*UTF8*$!
{
	archiveVersion = 1;
	classes = {
	};
	objectVersion = 52;
	objects = {

/* Begin PBXBuildFile section */
		013D3F3D7760922B4F357399 /* Pods_netdata_netdataUITests.framework in Frameworks */ = {isa = PBXBuildFile; fileRef = D4908D65829BB6DE09935726 /* Pods_netdata_netdataUITests.framework */; };
		550072C925161E080096BF4D /* GoogleService-Info.plist in Resources */ = {isa = PBXBuildFile; fileRef = 550072C825161E080096BF4D /* GoogleService-Info.plist */; };
		5508041624D05ABF002FFAA5 /* ServerAlarms.swift in Sources */ = {isa = PBXBuildFile; fileRef = 5508041524D05ABF002FFAA5 /* ServerAlarms.swift */; };
		551420A924C3D6D200A22E9A /* Meter.swift in Sources */ = {isa = PBXBuildFile; fileRef = 551420A824C3D6D200A22E9A /* Meter.swift */; };
		55193D2A24E14D9500FE1D55 /* ReadableGuidePadding.swift in Sources */ = {isa = PBXBuildFile; fileRef = 55193D2924E14D9500FE1D55 /* ReadableGuidePadding.swift */; };
		552862E524CD018B008E2B0E /* ErrorMessage.swift in Sources */ = {isa = PBXBuildFile; fileRef = 552862E424CD018B008E2B0E /* ErrorMessage.swift */; };
		552C2C2624D6B9BB00D3DFBE /* CustomChartDetailView.swift in Sources */ = {isa = PBXBuildFile; fileRef = 552C2C2524D6B9BB00D3DFBE /* CustomChartDetailView.swift */; };
		552C2C2824D6C84300D3DFBE /* SearchBar.swift in Sources */ = {isa = PBXBuildFile; fileRef = 552C2C2724D6C84300D3DFBE /* SearchBar.swift */; };
		552E19D324CDB71500CDB97F /* EditServerForm.swift in Sources */ = {isa = PBXBuildFile; fileRef = 552E19D224CDB71500CDB97F /* EditServerForm.swift */; };
		55380379254510DD003A9BFE /* NetdataClipApp.swift in Sources */ = {isa = PBXBuildFile; fileRef = 55380378254510DD003A9BFE /* NetdataClipApp.swift */; };
		5538037B254510DD003A9BFE /* MainView.swift in Sources */ = {isa = PBXBuildFile; fileRef = 5538037A254510DD003A9BFE /* MainView.swift */; };
		5538037D254510DF003A9BFE /* Assets.xcassets in Resources */ = {isa = PBXBuildFile; fileRef = 5538037C254510DF003A9BFE /* Assets.xcassets */; };
		55380380254510DF003A9BFE /* Preview Assets.xcassets in Resources */ = {isa = PBXBuildFile; fileRef = 5538037F254510DF003A9BFE /* Preview Assets.xcassets */; };
		5538038C254510DF003A9BFE /* NetdataClipTests.swift in Sources */ = {isa = PBXBuildFile; fileRef = 5538038B254510DF003A9BFE /* NetdataClipTests.swift */; };
		55380397254510DF003A9BFE /* NetdataClipUITests.swift in Sources */ = {isa = PBXBuildFile; fileRef = 55380396254510DF003A9BFE /* NetdataClipUITests.swift */; };
		5538039B254510DF003A9BFE /* NetdataClip.app in Embed App Clips */ = {isa = PBXBuildFile; fileRef = 55380376254510DD003A9BFE /* NetdataClip.app */; platformFilter = ios; settings = {ATTRIBUTES = (RemoveHeadersOnCopy, ); }; };
		553803AC254512EB003A9BFE /* ErrorMessage.swift in Sources */ = {isa = PBXBuildFile; fileRef = 552862E424CD018B008E2B0E /* ErrorMessage.swift */; };
		553803E7254514A4003A9BFE /* ServerDetailViewModel.swift in Sources */ = {isa = PBXBuildFile; fileRef = 559843B324CEFAAC0034E92D /* ServerDetailViewModel.swift */; };
		553803EE254514B1003A9BFE /* ServerCharts.swift in Sources */ = {isa = PBXBuildFile; fileRef = 559300E424D550A6006C6DB4 /* ServerCharts.swift */; };
		553803F5254514B6003A9BFE /* ServerData.swift in Sources */ = {isa = PBXBuildFile; fileRef = 55BA431124C3395400599345 /* ServerData.swift */; };
		553803FC254514C4003A9BFE /* NetDataAPI.swift in Sources */ = {isa = PBXBuildFile; fileRef = 55BFBA2424CC474A004461D3 /* NetDataAPI.swift */; };
		55380403254514D2003A9BFE /* Agent.swift in Sources */ = {isa = PBXBuildFile; fileRef = 55BFBA2624CC4EA1004461D3 /* Agent.swift */; };
		5538040A254514D7003A9BFE /* ServerInfo.swift in Sources */ = {isa = PBXBuildFile; fileRef = 55BA430F24C332C900599345 /* ServerInfo.swift */; };
		55380411254514DD003A9BFE /* ServerAlarms.swift in Sources */ = {isa = PBXBuildFile; fileRef = 5508041524D05ABF002FFAA5 /* ServerAlarms.swift */; };
		553804192545150A003A9BFE /* ServerDetailDemoView.swift in Sources */ = {isa = PBXBuildFile; fileRef = 553804182545150A003A9BFE /* ServerDetailDemoView.swift */; };
		55380420254516FE003A9BFE /* DataGrid.swift in Sources */ = {isa = PBXBuildFile; fileRef = 55C638FC24CBFBA400395B23 /* DataGrid.swift */; };
		5538042725451705003A9BFE /* AbsoluteUsageData.swift in Sources */ = {isa = PBXBuildFile; fileRef = 55C638FA24CBEFCA00395B23 /* AbsoluteUsageData.swift */; };
		5538042E2545170E003A9BFE /* PercentageUsageData.swift in Sources */ = {isa = PBXBuildFile; fileRef = 55C638F824CBE6B800395B23 /* PercentageUsageData.swift */; };
		5538043525451717003A9BFE /* Meter.swift in Sources */ = {isa = PBXBuildFile; fileRef = 551420A824C3D6D200A22E9A /* Meter.swift */; };
		5538043C25451736003A9BFE /* ReadableGuidePadding.swift in Sources */ = {isa = PBXBuildFile; fileRef = 55193D2924E14D9500FE1D55 /* ReadableGuidePadding.swift */; };
		553804432545174A003A9BFE /* CustomTextStyle.swift in Sources */ = {isa = PBXBuildFile; fileRef = 555401A224D850D100B1B727 /* CustomTextStyle.swift */; };
		555401A324D850D100B1B727 /* CustomTextStyle.swift in Sources */ = {isa = PBXBuildFile; fileRef = 555401A224D850D100B1B727 /* CustomTextStyle.swift */; };
		558CABAC24B99931002D115B /* CloudModel.swift in Sources */ = {isa = PBXBuildFile; fileRef = 558CABAB24B99931002D115B /* CloudModel.swift */; };
		558CABAF24B999F7002D115B /* ServerService.swift in Sources */ = {isa = PBXBuildFile; fileRef = 558CABAE24B999F7002D115B /* ServerService.swift */; };
		558CABB124B99B42002D115B /* CloudService.swift in Sources */ = {isa = PBXBuildFile; fileRef = 558CABB024B99B42002D115B /* CloudService.swift */; };
		558CABB724B9A435002D115B /* AddServerForm.swift in Sources */ = {isa = PBXBuildFile; fileRef = 558CABB624B9A435002D115B /* AddServerForm.swift */; };
		559300E524D550A6006C6DB4 /* ServerCharts.swift in Sources */ = {isa = PBXBuildFile; fileRef = 559300E424D550A6006C6DB4 /* ServerCharts.swift */; };
		559300E724D58656006C6DB4 /* ChartsListView.swift in Sources */ = {isa = PBXBuildFile; fileRef = 559300E624D58656006C6DB4 /* ChartsListView.swift */; };
		559300E924D587C0006C6DB4 /* ChartListRow.swift in Sources */ = {isa = PBXBuildFile; fileRef = 559300E824D587C0006C6DB4 /* ChartListRow.swift */; };
		559843B224CEF7590034E92D /* ServerListRow.swift in Sources */ = {isa = PBXBuildFile; fileRef = 559843B124CEF7590034E92D /* ServerListRow.swift */; };
		559843B424CEFAAC0034E92D /* ServerDetailViewModel.swift in Sources */ = {isa = PBXBuildFile; fileRef = 559843B324CEFAAC0034E92D /* ServerDetailViewModel.swift */; };
		55BA431024C332C900599345 /* ServerInfo.swift in Sources */ = {isa = PBXBuildFile; fileRef = 55BA430F24C332C900599345 /* ServerInfo.swift */; };
		55BA431224C3395400599345 /* ServerData.swift in Sources */ = {isa = PBXBuildFile; fileRef = 55BA431124C3395400599345 /* ServerData.swift */; };
		55BFBA2524CC474A004461D3 /* NetDataAPI.swift in Sources */ = {isa = PBXBuildFile; fileRef = 55BFBA2424CC474A004461D3 /* NetDataAPI.swift */; };
		55BFBA2724CC4EA1004461D3 /* Agent.swift in Sources */ = {isa = PBXBuildFile; fileRef = 55BFBA2624CC4EA1004461D3 /* Agent.swift */; };
		55BFBA2924CC5875004461D3 /* ServerListViewModel.swift in Sources */ = {isa = PBXBuildFile; fileRef = 55BFBA2824CC5875004461D3 /* ServerListViewModel.swift */; };
		55C638F924CBE6B800395B23 /* PercentageUsageData.swift in Sources */ = {isa = PBXBuildFile; fileRef = 55C638F824CBE6B800395B23 /* PercentageUsageData.swift */; };
		55C638FB24CBEFCA00395B23 /* AbsoluteUsageData.swift in Sources */ = {isa = PBXBuildFile; fileRef = 55C638FA24CBEFCA00395B23 /* AbsoluteUsageData.swift */; };
		55C638FD24CBFBA400395B23 /* DataGrid.swift in Sources */ = {isa = PBXBuildFile; fileRef = 55C638FC24CBFBA400395B23 /* DataGrid.swift */; };
		55C638FF24CC1A4D00395B23 /* BorderedBarButtonStyle.swift in Sources */ = {isa = PBXBuildFile; fileRef = 55C638FE24CC1A4D00395B23 /* BorderedBarButtonStyle.swift */; };
		55D1C50224B95E6D0087F8A2 /* netdataApp.swift in Sources */ = {isa = PBXBuildFile; fileRef = 55D1C50124B95E6D0087F8A2 /* netdataApp.swift */; };
		55D1C50624B95E6F0087F8A2 /* Assets.xcassets in Resources */ = {isa = PBXBuildFile; fileRef = 55D1C50524B95E6F0087F8A2 /* Assets.xcassets */; };
		55D1C50924B95E6F0087F8A2 /* Preview Assets.xcassets in Resources */ = {isa = PBXBuildFile; fileRef = 55D1C50824B95E6F0087F8A2 /* Preview Assets.xcassets */; };
		55D1C51424B95E6F0087F8A2 /* netdataTests.swift in Sources */ = {isa = PBXBuildFile; fileRef = 55D1C51324B95E6F0087F8A2 /* netdataTests.swift */; };
		55D1C51F24B95E6F0087F8A2 /* netdataUITests.swift in Sources */ = {isa = PBXBuildFile; fileRef = 55D1C51E24B95E6F0087F8A2 /* netdataUITests.swift */; };
		55D1C52E24B95F580087F8A2 /* ServerListView.swift in Sources */ = {isa = PBXBuildFile; fileRef = 55D1C52D24B95F580087F8A2 /* ServerListView.swift */; };
		55D1C53424B9636E0087F8A2 /* NDServer.swift in Sources */ = {isa = PBXBuildFile; fileRef = 55D1C53324B9636E0087F8A2 /* NDServer.swift */; };
		55D1C53824B969AC0087F8A2 /* CloudKit.framework in Frameworks */ = {isa = PBXBuildFile; fileRef = 55D1C53724B969AC0087F8A2 /* CloudKit.framework */; };
		55D3076C24D1825700CF076B /* FeedbackGenerator.swift in Sources */ = {isa = PBXBuildFile; fileRef = 55D3076B24D1825700CF076B /* FeedbackGenerator.swift */; };
		55D3076F24D18F9600CF076B /* UserDefaults+Color.swift in Sources */ = {isa = PBXBuildFile; fileRef = 55D3076E24D18F9600CF076B /* UserDefaults+Color.swift */; };
		55D3077224D197A600CF076B /* AlarmsListView.swift in Sources */ = {isa = PBXBuildFile; fileRef = 55D3077124D197A600CF076B /* AlarmsListView.swift */; };
		55D3077424D19D1E00CF076B /* AlarmListRow.swift in Sources */ = {isa = PBXBuildFile; fileRef = 55D3077324D19D1E00CF076B /* AlarmListRow.swift */; };
		55E91EBD24D99D6900218F57 /* WelcomeScreen.swift in Sources */ = {isa = PBXBuildFile; fileRef = 55E91EBC24D99D6900218F57 /* WelcomeScreen.swift */; };
		55EE682A24CD962100546B1A /* UserSettings.swift in Sources */ = {isa = PBXBuildFile; fileRef = 55EE682924CD962100546B1A /* UserSettings.swift */; };
		55FC8F6B24BAD8F100CA8751 /* ServerDetailView.swift in Sources */ = {isa = PBXBuildFile; fileRef = 55FC8F6A24BAD8F100CA8751 /* ServerDetailView.swift */; };
		55FC8F6E24BADA5B00CA8751 /* SettingsView.swift in Sources */ = {isa = PBXBuildFile; fileRef = 55FC8F6D24BADA5B00CA8751 /* SettingsView.swift */; };
		5AF5E4CDC5AE67B816031E30 /* Pods_netdataTests.framework in Frameworks */ = {isa = PBXBuildFile; fileRef = 775BC64D606BCC8A52C9B724 /* Pods_netdataTests.framework */; };
		CD74113F2B43A2E9E8237809 /* Pods_netdata.framework in Frameworks */ = {isa = PBXBuildFile; fileRef = 8B1E82E16159B0F329C2C844 /* Pods_netdata.framework */; };
/* End PBXBuildFile section */

/* Begin PBXContainerItemProxy section */
		55380388254510DF003A9BFE /* PBXContainerItemProxy */ = {
			isa = PBXContainerItemProxy;
			containerPortal = 55D1C4F624B95E6D0087F8A2 /* Project object */;
			proxyType = 1;
			remoteGlobalIDString = 55380375254510DD003A9BFE;
			remoteInfo = NetdataClip;
		};
		55380393254510DF003A9BFE /* PBXContainerItemProxy */ = {
			isa = PBXContainerItemProxy;
			containerPortal = 55D1C4F624B95E6D0087F8A2 /* Project object */;
			proxyType = 1;
			remoteGlobalIDString = 55380375254510DD003A9BFE;
			remoteInfo = NetdataClip;
		};
		55380399254510DF003A9BFE /* PBXContainerItemProxy */ = {
			isa = PBXContainerItemProxy;
			containerPortal = 55D1C4F624B95E6D0087F8A2 /* Project object */;
			proxyType = 1;
			remoteGlobalIDString = 55380375254510DD003A9BFE;
			remoteInfo = NetdataClip;
		};
		55D1C51024B95E6F0087F8A2 /* PBXContainerItemProxy */ = {
			isa = PBXContainerItemProxy;
			containerPortal = 55D1C4F624B95E6D0087F8A2 /* Project object */;
			proxyType = 1;
			remoteGlobalIDString = 55D1C4FD24B95E6D0087F8A2;
			remoteInfo = netdata;
		};
		55D1C51B24B95E6F0087F8A2 /* PBXContainerItemProxy */ = {
			isa = PBXContainerItemProxy;
			containerPortal = 55D1C4F624B95E6D0087F8A2 /* Project object */;
			proxyType = 1;
			remoteGlobalIDString = 55D1C4FD24B95E6D0087F8A2;
			remoteInfo = netdata;
		};
/* End PBXContainerItemProxy section */

/* Begin PBXCopyFilesBuildPhase section */
		552B4E8424CD16C2008B9DA6 /* Embed App Extensions */ = {
			isa = PBXCopyFilesBuildPhase;
			buildActionMask = 2147483647;
			dstPath = "";
			dstSubfolderSpec = 13;
			files = (
			);
			name = "Embed App Extensions";
			runOnlyForDeploymentPostprocessing = 0;
		};
		5538039C254510DF003A9BFE /* Embed App Clips */ = {
			isa = PBXCopyFilesBuildPhase;
			buildActionMask = 2147483647;
			dstPath = "$(CONTENTS_FOLDER_PATH)/AppClips";
			dstSubfolderSpec = 16;
			files = (
				5538039B254510DF003A9BFE /* NetdataClip.app in Embed App Clips */,
			);
			name = "Embed App Clips";
			runOnlyForDeploymentPostprocessing = 0;
		};
/* End PBXCopyFilesBuildPhase section */

/* Begin PBXFileReference section */
		0B37821B9AFF5798B837BB15 /* Pods-netdata.release.xcconfig */ = {isa = PBXFileReference; includeInIndex = 1; lastKnownFileType = text.xcconfig; name = "Pods-netdata.release.xcconfig"; path = "Target Support Files/Pods-netdata/Pods-netdata.release.xcconfig"; sourceTree = "<group>"; };
		43CF445059DFD6753DCD2027 /* Pods-netdata.debug.xcconfig */ = {isa = PBXFileReference; includeInIndex = 1; lastKnownFileType = text.xcconfig; name = "Pods-netdata.debug.xcconfig"; path = "Target Support Files/Pods-netdata/Pods-netdata.debug.xcconfig"; sourceTree = "<group>"; };
		550072C825161E080096BF4D /* GoogleService-Info.plist */ = {isa = PBXFileReference; fileEncoding = 4; lastKnownFileType = text.plist.xml; path = "GoogleService-Info.plist"; sourceTree = "<group>"; };
		5508041524D05ABF002FFAA5 /* ServerAlarms.swift */ = {isa = PBXFileReference; lastKnownFileType = sourcecode.swift; path = ServerAlarms.swift; sourceTree = "<group>"; };
		551420A824C3D6D200A22E9A /* Meter.swift */ = {isa = PBXFileReference; lastKnownFileType = sourcecode.swift; path = Meter.swift; sourceTree = "<group>"; };
		55193D2924E14D9500FE1D55 /* ReadableGuidePadding.swift */ = {isa = PBXFileReference; lastKnownFileType = sourcecode.swift; path = ReadableGuidePadding.swift; sourceTree = "<group>"; };
		552862E424CD018B008E2B0E /* ErrorMessage.swift */ = {isa = PBXFileReference; lastKnownFileType = sourcecode.swift; path = ErrorMessage.swift; sourceTree = "<group>"; };
		552B4E7724CD16C0008B9DA6 /* WidgetKit.framework */ = {isa = PBXFileReference; lastKnownFileType = wrapper.framework; name = WidgetKit.framework; path = System/Library/Frameworks/WidgetKit.framework; sourceTree = SDKROOT; };
		552B4E7924CD16C0008B9DA6 /* SwiftUI.framework */ = {isa = PBXFileReference; lastKnownFileType = wrapper.framework; name = SwiftUI.framework; path = System/Library/Frameworks/SwiftUI.framework; sourceTree = SDKROOT; };
		552C2C2524D6B9BB00D3DFBE /* CustomChartDetailView.swift */ = {isa = PBXFileReference; lastKnownFileType = sourcecode.swift; path = CustomChartDetailView.swift; sourceTree = "<group>"; };
		552C2C2724D6C84300D3DFBE /* SearchBar.swift */ = {isa = PBXFileReference; lastKnownFileType = sourcecode.swift; path = SearchBar.swift; sourceTree = "<group>"; };
		552E19D224CDB71500CDB97F /* EditServerForm.swift */ = {isa = PBXFileReference; lastKnownFileType = sourcecode.swift; path = EditServerForm.swift; sourceTree = "<group>"; };
		55380376254510DD003A9BFE /* NetdataClip.app */ = {isa = PBXFileReference; explicitFileType = wrapper.application; includeInIndex = 0; path = NetdataClip.app; sourceTree = BUILT_PRODUCTS_DIR; };
		55380378254510DD003A9BFE /* NetdataClipApp.swift */ = {isa = PBXFileReference; lastKnownFileType = sourcecode.swift; path = NetdataClipApp.swift; sourceTree = "<group>"; };
		5538037A254510DD003A9BFE /* MainView.swift */ = {isa = PBXFileReference; lastKnownFileType = sourcecode.swift; path = MainView.swift; sourceTree = "<group>"; };
		5538037C254510DF003A9BFE /* Assets.xcassets */ = {isa = PBXFileReference; lastKnownFileType = folder.assetcatalog; path = Assets.xcassets; sourceTree = "<group>"; };
		5538037F254510DF003A9BFE /* Preview Assets.xcassets */ = {isa = PBXFileReference; lastKnownFileType = folder.assetcatalog; path = "Preview Assets.xcassets"; sourceTree = "<group>"; };
		55380381254510DF003A9BFE /* Info.plist */ = {isa = PBXFileReference; lastKnownFileType = text.plist.xml; path = Info.plist; sourceTree = "<group>"; };
		55380382254510DF003A9BFE /* NetdataClip.entitlements */ = {isa = PBXFileReference; lastKnownFileType = text.plist.entitlements; path = NetdataClip.entitlements; sourceTree = "<group>"; };
		55380387254510DF003A9BFE /* NetdataClipTests.xctest */ = {isa = PBXFileReference; explicitFileType = wrapper.cfbundle; includeInIndex = 0; path = NetdataClipTests.xctest; sourceTree = BUILT_PRODUCTS_DIR; };
		5538038B254510DF003A9BFE /* NetdataClipTests.swift */ = {isa = PBXFileReference; lastKnownFileType = sourcecode.swift; path = NetdataClipTests.swift; sourceTree = "<group>"; };
		5538038D254510DF003A9BFE /* Info.plist */ = {isa = PBXFileReference; lastKnownFileType = text.plist.xml; path = Info.plist; sourceTree = "<group>"; };
		55380392254510DF003A9BFE /* NetdataClipUITests.xctest */ = {isa = PBXFileReference; explicitFileType = wrapper.cfbundle; includeInIndex = 0; path = NetdataClipUITests.xctest; sourceTree = BUILT_PRODUCTS_DIR; };
		55380396254510DF003A9BFE /* NetdataClipUITests.swift */ = {isa = PBXFileReference; lastKnownFileType = sourcecode.swift; path = NetdataClipUITests.swift; sourceTree = "<group>"; };
		55380398254510DF003A9BFE /* Info.plist */ = {isa = PBXFileReference; lastKnownFileType = text.plist.xml; path = Info.plist; sourceTree = "<group>"; };
		553804182545150A003A9BFE /* ServerDetailDemoView.swift */ = {isa = PBXFileReference; lastKnownFileType = sourcecode.swift; path = ServerDetailDemoView.swift; sourceTree = "<group>"; };
		555401A224D850D100B1B727 /* CustomTextStyle.swift */ = {isa = PBXFileReference; lastKnownFileType = sourcecode.swift; path = CustomTextStyle.swift; sourceTree = "<group>"; };
		558CABAB24B99931002D115B /* CloudModel.swift */ = {isa = PBXFileReference; lastKnownFileType = sourcecode.swift; path = CloudModel.swift; sourceTree = "<group>"; };
		558CABAE24B999F7002D115B /* ServerService.swift */ = {isa = PBXFileReference; lastKnownFileType = sourcecode.swift; path = ServerService.swift; sourceTree = "<group>"; };
		558CABB024B99B42002D115B /* CloudService.swift */ = {isa = PBXFileReference; lastKnownFileType = sourcecode.swift; path = CloudService.swift; sourceTree = "<group>"; };
		558CABB624B9A435002D115B /* AddServerForm.swift */ = {isa = PBXFileReference; lastKnownFileType = sourcecode.swift; path = AddServerForm.swift; sourceTree = "<group>"; };
		559300E424D550A6006C6DB4 /* ServerCharts.swift */ = {isa = PBXFileReference; lastKnownFileType = sourcecode.swift; path = ServerCharts.swift; sourceTree = "<group>"; };
		559300E624D58656006C6DB4 /* ChartsListView.swift */ = {isa = PBXFileReference; lastKnownFileType = sourcecode.swift; path = ChartsListView.swift; sourceTree = "<group>"; };
		559300E824D587C0006C6DB4 /* ChartListRow.swift */ = {isa = PBXFileReference; lastKnownFileType = sourcecode.swift; path = ChartListRow.swift; sourceTree = "<group>"; };
		559843B124CEF7590034E92D /* ServerListRow.swift */ = {isa = PBXFileReference; lastKnownFileType = sourcecode.swift; path = ServerListRow.swift; sourceTree = "<group>"; };
		559843B324CEFAAC0034E92D /* ServerDetailViewModel.swift */ = {isa = PBXFileReference; lastKnownFileType = sourcecode.swift; path = ServerDetailViewModel.swift; sourceTree = "<group>"; };
		55BA430F24C332C900599345 /* ServerInfo.swift */ = {isa = PBXFileReference; lastKnownFileType = sourcecode.swift; path = ServerInfo.swift; sourceTree = "<group>"; };
		55BA431124C3395400599345 /* ServerData.swift */ = {isa = PBXFileReference; lastKnownFileType = sourcecode.swift; path = ServerData.swift; sourceTree = "<group>"; };
		55BFBA2424CC474A004461D3 /* NetDataAPI.swift */ = {isa = PBXFileReference; lastKnownFileType = sourcecode.swift; path = NetDataAPI.swift; sourceTree = "<group>"; };
		55BFBA2624CC4EA1004461D3 /* Agent.swift */ = {isa = PBXFileReference; lastKnownFileType = sourcecode.swift; path = Agent.swift; sourceTree = "<group>"; };
		55BFBA2824CC5875004461D3 /* ServerListViewModel.swift */ = {isa = PBXFileReference; lastKnownFileType = sourcecode.swift; path = ServerListViewModel.swift; sourceTree = "<group>"; };
		55C638F824CBE6B800395B23 /* PercentageUsageData.swift */ = {isa = PBXFileReference; lastKnownFileType = sourcecode.swift; path = PercentageUsageData.swift; sourceTree = "<group>"; };
		55C638FA24CBEFCA00395B23 /* AbsoluteUsageData.swift */ = {isa = PBXFileReference; lastKnownFileType = sourcecode.swift; path = AbsoluteUsageData.swift; sourceTree = "<group>"; };
		55C638FC24CBFBA400395B23 /* DataGrid.swift */ = {isa = PBXFileReference; lastKnownFileType = sourcecode.swift; path = DataGrid.swift; sourceTree = "<group>"; };
		55C638FE24CC1A4D00395B23 /* BorderedBarButtonStyle.swift */ = {isa = PBXFileReference; lastKnownFileType = sourcecode.swift; path = BorderedBarButtonStyle.swift; sourceTree = "<group>"; };
		55D1C4FE24B95E6D0087F8A2 /* netdata.app */ = {isa = PBXFileReference; explicitFileType = wrapper.application; includeInIndex = 0; path = netdata.app; sourceTree = BUILT_PRODUCTS_DIR; };
		55D1C50124B95E6D0087F8A2 /* netdataApp.swift */ = {isa = PBXFileReference; lastKnownFileType = sourcecode.swift; path = netdataApp.swift; sourceTree = "<group>"; };
		55D1C50524B95E6F0087F8A2 /* Assets.xcassets */ = {isa = PBXFileReference; lastKnownFileType = folder.assetcatalog; path = Assets.xcassets; sourceTree = "<group>"; };
		55D1C50824B95E6F0087F8A2 /* Preview Assets.xcassets */ = {isa = PBXFileReference; lastKnownFileType = folder.assetcatalog; path = "Preview Assets.xcassets"; sourceTree = "<group>"; };
		55D1C50A24B95E6F0087F8A2 /* Info.plist */ = {isa = PBXFileReference; lastKnownFileType = text.plist.xml; path = Info.plist; sourceTree = "<group>"; };
		55D1C50F24B95E6F0087F8A2 /* netdataTests.xctest */ = {isa = PBXFileReference; explicitFileType = wrapper.cfbundle; includeInIndex = 0; path = netdataTests.xctest; sourceTree = BUILT_PRODUCTS_DIR; };
		55D1C51324B95E6F0087F8A2 /* netdataTests.swift */ = {isa = PBXFileReference; lastKnownFileType = sourcecode.swift; path = netdataTests.swift; sourceTree = "<group>"; };
		55D1C51524B95E6F0087F8A2 /* Info.plist */ = {isa = PBXFileReference; lastKnownFileType = text.plist.xml; path = Info.plist; sourceTree = "<group>"; };
		55D1C51A24B95E6F0087F8A2 /* netdataUITests.xctest */ = {isa = PBXFileReference; explicitFileType = wrapper.cfbundle; includeInIndex = 0; path = netdataUITests.xctest; sourceTree = BUILT_PRODUCTS_DIR; };
		55D1C51E24B95E6F0087F8A2 /* netdataUITests.swift */ = {isa = PBXFileReference; lastKnownFileType = sourcecode.swift; path = netdataUITests.swift; sourceTree = "<group>"; };
		55D1C52024B95E6F0087F8A2 /* Info.plist */ = {isa = PBXFileReference; lastKnownFileType = text.plist.xml; path = Info.plist; sourceTree = "<group>"; };
		55D1C52D24B95F580087F8A2 /* ServerListView.swift */ = {isa = PBXFileReference; lastKnownFileType = sourcecode.swift; path = ServerListView.swift; sourceTree = "<group>"; };
		55D1C53324B9636E0087F8A2 /* NDServer.swift */ = {isa = PBXFileReference; lastKnownFileType = sourcecode.swift; path = NDServer.swift; sourceTree = "<group>"; };
		55D1C53524B969A50087F8A2 /* netdata.entitlements */ = {isa = PBXFileReference; lastKnownFileType = text.plist.entitlements; path = netdata.entitlements; sourceTree = "<group>"; };
		55D1C53724B969AC0087F8A2 /* CloudKit.framework */ = {isa = PBXFileReference; lastKnownFileType = wrapper.framework; name = CloudKit.framework; path = System/Library/Frameworks/CloudKit.framework; sourceTree = SDKROOT; };
		55D3076B24D1825700CF076B /* FeedbackGenerator.swift */ = {isa = PBXFileReference; lastKnownFileType = sourcecode.swift; path = FeedbackGenerator.swift; sourceTree = "<group>"; };
		55D3076E24D18F9600CF076B /* UserDefaults+Color.swift */ = {isa = PBXFileReference; lastKnownFileType = sourcecode.swift; path = "UserDefaults+Color.swift"; sourceTree = "<group>"; };
		55D3077124D197A600CF076B /* AlarmsListView.swift */ = {isa = PBXFileReference; lastKnownFileType = sourcecode.swift; path = AlarmsListView.swift; sourceTree = "<group>"; };
		55D3077324D19D1E00CF076B /* AlarmListRow.swift */ = {isa = PBXFileReference; lastKnownFileType = sourcecode.swift; path = AlarmListRow.swift; sourceTree = "<group>"; };
		55E91EBC24D99D6900218F57 /* WelcomeScreen.swift */ = {isa = PBXFileReference; lastKnownFileType = sourcecode.swift; path = WelcomeScreen.swift; sourceTree = "<group>"; };
		55EE682924CD962100546B1A /* UserSettings.swift */ = {isa = PBXFileReference; lastKnownFileType = sourcecode.swift; path = UserSettings.swift; sourceTree = "<group>"; };
		55FC8F6A24BAD8F100CA8751 /* ServerDetailView.swift */ = {isa = PBXFileReference; lastKnownFileType = sourcecode.swift; path = ServerDetailView.swift; sourceTree = "<group>"; };
		55FC8F6D24BADA5B00CA8751 /* SettingsView.swift */ = {isa = PBXFileReference; lastKnownFileType = sourcecode.swift; path = SettingsView.swift; sourceTree = "<group>"; };
		775BC64D606BCC8A52C9B724 /* Pods_netdataTests.framework */ = {isa = PBXFileReference; explicitFileType = wrapper.framework; includeInIndex = 0; path = Pods_netdataTests.framework; sourceTree = BUILT_PRODUCTS_DIR; };
		885D1BAEAE180393523D35A9 /* Pods-netdataTests.debug.xcconfig */ = {isa = PBXFileReference; includeInIndex = 1; lastKnownFileType = text.xcconfig; name = "Pods-netdataTests.debug.xcconfig"; path = "Target Support Files/Pods-netdataTests/Pods-netdataTests.debug.xcconfig"; sourceTree = "<group>"; };
		8B1E82E16159B0F329C2C844 /* Pods_netdata.framework */ = {isa = PBXFileReference; explicitFileType = wrapper.framework; includeInIndex = 0; path = Pods_netdata.framework; sourceTree = BUILT_PRODUCTS_DIR; };
		AE5D8B404A07E939824BFC9F /* Pods-netdata-netdataUITests.release.xcconfig */ = {isa = PBXFileReference; includeInIndex = 1; lastKnownFileType = text.xcconfig; name = "Pods-netdata-netdataUITests.release.xcconfig"; path = "Target Support Files/Pods-netdata-netdataUITests/Pods-netdata-netdataUITests.release.xcconfig"; sourceTree = "<group>"; };
		BD95A69BE87B96971B11103A /* Pods-netdata-netdataUITests.debug.xcconfig */ = {isa = PBXFileReference; includeInIndex = 1; lastKnownFileType = text.xcconfig; name = "Pods-netdata-netdataUITests.debug.xcconfig"; path = "Target Support Files/Pods-netdata-netdataUITests/Pods-netdata-netdataUITests.debug.xcconfig"; sourceTree = "<group>"; };
		D272B75710589A44BD314D7C /* Pods-netdataTests.release.xcconfig */ = {isa = PBXFileReference; includeInIndex = 1; lastKnownFileType = text.xcconfig; name = "Pods-netdataTests.release.xcconfig"; path = "Target Support Files/Pods-netdataTests/Pods-netdataTests.release.xcconfig"; sourceTree = "<group>"; };
		D4908D65829BB6DE09935726 /* Pods_netdata_netdataUITests.framework */ = {isa = PBXFileReference; explicitFileType = wrapper.framework; includeInIndex = 0; path = Pods_netdata_netdataUITests.framework; sourceTree = BUILT_PRODUCTS_DIR; };
/* End PBXFileReference section */

/* Begin PBXFrameworksBuildPhase section */
		55380373254510DD003A9BFE /* Frameworks */ = {
			isa = PBXFrameworksBuildPhase;
			buildActionMask = 2147483647;
			files = (
			);
			runOnlyForDeploymentPostprocessing = 0;
		};
		55380384254510DF003A9BFE /* Frameworks */ = {
			isa = PBXFrameworksBuildPhase;
			buildActionMask = 2147483647;
			files = (
			);
			runOnlyForDeploymentPostprocessing = 0;
		};
		5538038F254510DF003A9BFE /* Frameworks */ = {
			isa = PBXFrameworksBuildPhase;
			buildActionMask = 2147483647;
			files = (
			);
			runOnlyForDeploymentPostprocessing = 0;
		};
		55D1C4FB24B95E6D0087F8A2 /* Frameworks */ = {
			isa = PBXFrameworksBuildPhase;
			buildActionMask = 2147483647;
			files = (
				55D1C53824B969AC0087F8A2 /* CloudKit.framework in Frameworks */,
				CD74113F2B43A2E9E8237809 /* Pods_netdata.framework in Frameworks */,
			);
			runOnlyForDeploymentPostprocessing = 0;
		};
		55D1C50C24B95E6F0087F8A2 /* Frameworks */ = {
			isa = PBXFrameworksBuildPhase;
			buildActionMask = 2147483647;
			files = (
				5AF5E4CDC5AE67B816031E30 /* Pods_netdataTests.framework in Frameworks */,
			);
			runOnlyForDeploymentPostprocessing = 0;
		};
		55D1C51724B95E6F0087F8A2 /* Frameworks */ = {
			isa = PBXFrameworksBuildPhase;
			buildActionMask = 2147483647;
			files = (
				013D3F3D7760922B4F357399 /* Pods_netdata_netdataUITests.framework in Frameworks */,
			);
			runOnlyForDeploymentPostprocessing = 0;
		};
/* End PBXFrameworksBuildPhase section */

/* Begin PBXGroup section */
		5508041024D049B8002FFAA5 /* Core */ = {
			isa = PBXGroup;
			children = (
				55D3076D24D18F7000CF076B /* Extensions */,
				55D3076A24D1823500CF076B /* UX */,
				5508041424D04B3C002FFAA5 /* Network */,
				558CABAA24B99923002D115B /* Protocols */,
				558CABAD24B999E7002D115B /* Data */,
			);
			path = Core;
			sourceTree = "<group>";
		};
		5508041124D04A54002FFAA5 /* ServerDetail */ = {
			isa = PBXGroup;
			children = (
				55D3077024D1979500CF076B /* Components */,
				559843B324CEFAAC0034E92D /* ServerDetailViewModel.swift */,
				55FC8F6A24BAD8F100CA8751 /* ServerDetailView.swift */,
			);
			path = ServerDetail;
			sourceTree = "<group>";
		};
		5508041224D04A79002FFAA5 /* UI */ = {
			isa = PBXGroup;
			children = (
				55C638FE24CC1A4D00395B23 /* BorderedBarButtonStyle.swift */,
				555401A224D850D100B1B727 /* CustomTextStyle.swift */,
				552862E424CD018B008E2B0E /* ErrorMessage.swift */,
				552C2C2724D6C84300D3DFBE /* SearchBar.swift */,
				55193D2924E14D9500FE1D55 /* ReadableGuidePadding.swift */,
			);
			path = UI;
			sourceTree = "<group>";
		};
		5508041324D04AA2002FFAA5 /* Components */ = {
			isa = PBXGroup;
			children = (
				559843B124CEF7590034E92D /* ServerListRow.swift */,
				558CABB624B9A435002D115B /* AddServerForm.swift */,
				552E19D224CDB71500CDB97F /* EditServerForm.swift */,
			);
			path = Components;
			sourceTree = "<group>";
		};
		5508041424D04B3C002FFAA5 /* Network */ = {
			isa = PBXGroup;
			children = (
				55BFBA2624CC4EA1004461D3 /* Agent.swift */,
				55BFBA2424CC474A004461D3 /* NetDataAPI.swift */,
			);
			path = Network;
			sourceTree = "<group>";
		};
		552862E324CD0168008E2B0E /* Charts */ = {
			isa = PBXGroup;
			children = (
				551420A824C3D6D200A22E9A /* Meter.swift */,
				55C638F824CBE6B800395B23 /* PercentageUsageData.swift */,
				55C638FA24CBEFCA00395B23 /* AbsoluteUsageData.swift */,
				55C638FC24CBFBA400395B23 /* DataGrid.swift */,
			);
			path = Charts;
			sourceTree = "<group>";
		};
		55380377254510DD003A9BFE /* NetdataClip */ = {
			isa = PBXGroup;
			children = (
				5538045025451B45003A9BFE /* MainView */,
				55380378254510DD003A9BFE /* NetdataClipApp.swift */,
				5538037C254510DF003A9BFE /* Assets.xcassets */,
				55380381254510DF003A9BFE /* Info.plist */,
				55380382254510DF003A9BFE /* NetdataClip.entitlements */,
				5538037E254510DF003A9BFE /* Preview Content */,
			);
			path = NetdataClip;
			sourceTree = "<group>";
		};
		5538037E254510DF003A9BFE /* Preview Content */ = {
			isa = PBXGroup;
			children = (
				5538037F254510DF003A9BFE /* Preview Assets.xcassets */,
			);
			path = "Preview Content";
			sourceTree = "<group>";
		};
		5538038A254510DF003A9BFE /* NetdataClipTests */ = {
			isa = PBXGroup;
			children = (
				5538038B254510DF003A9BFE /* NetdataClipTests.swift */,
				5538038D254510DF003A9BFE /* Info.plist */,
			);
			path = NetdataClipTests;
			sourceTree = "<group>";
		};
		55380395254510DF003A9BFE /* NetdataClipUITests */ = {
			isa = PBXGroup;
			children = (
				55380396254510DF003A9BFE /* NetdataClipUITests.swift */,
				55380398254510DF003A9BFE /* Info.plist */,
			);
			path = NetdataClipUITests;
			sourceTree = "<group>";
		};
		5538045025451B45003A9BFE /* MainView */ = {
			isa = PBXGroup;
			children = (
				5538037A254510DD003A9BFE /* MainView.swift */,
				553804182545150A003A9BFE /* ServerDetailDemoView.swift */,
			);
			path = MainView;
			sourceTree = "<group>";
		};
		558CABAA24B99923002D115B /* Protocols */ = {
			isa = PBXGroup;
			children = (
				558CABAB24B99931002D115B /* CloudModel.swift */,
				558CABB024B99B42002D115B /* CloudService.swift */,
			);
			path = Protocols;
			sourceTree = "<group>";
		};
		558CABAD24B999E7002D115B /* Data */ = {
			isa = PBXGroup;
			children = (
				558CABAE24B999F7002D115B /* ServerService.swift */,
				55EE682924CD962100546B1A /* UserSettings.swift */,
			);
			path = Data;
			sourceTree = "<group>";
		};
		558CABB224B9A041002D115B /* Shared */ = {
			isa = PBXGroup;
			children = (
				5508041224D04A79002FFAA5 /* UI */,
				552862E324CD0168008E2B0E /* Charts */,
			);
			path = Shared;
			sourceTree = "<group>";
		};
		558CABB524B9A420002D115B /* ServerList */ = {
			isa = PBXGroup;
			children = (
				5508041324D04AA2002FFAA5 /* Components */,
				55BFBA2824CC5875004461D3 /* ServerListViewModel.swift */,
				55D1C52D24B95F580087F8A2 /* ServerListView.swift */,
			);
			path = ServerList;
			sourceTree = "<group>";
		};
		55D1C4F524B95E6D0087F8A2 = {
			isa = PBXGroup;
			children = (
				55D1C50024B95E6D0087F8A2 /* netdata */,
				55D1C51224B95E6F0087F8A2 /* netdataTests */,
				55D1C51D24B95E6F0087F8A2 /* netdataUITests */,
				55380377254510DD003A9BFE /* NetdataClip */,
				5538038A254510DF003A9BFE /* NetdataClipTests */,
				55380395254510DF003A9BFE /* NetdataClipUITests */,
				55D1C4FF24B95E6D0087F8A2 /* Products */,
				55D1C53624B969AC0087F8A2 /* Frameworks */,
				6F6281803DF97AE6CAC26AA9 /* Pods */,
			);
			sourceTree = "<group>";
		};
		55D1C4FF24B95E6D0087F8A2 /* Products */ = {
			isa = PBXGroup;
			children = (
				55D1C4FE24B95E6D0087F8A2 /* netdata.app */,
				55D1C50F24B95E6F0087F8A2 /* netdataTests.xctest */,
				55D1C51A24B95E6F0087F8A2 /* netdataUITests.xctest */,
				55380376254510DD003A9BFE /* NetdataClip.app */,
				55380387254510DF003A9BFE /* NetdataClipTests.xctest */,
				55380392254510DF003A9BFE /* NetdataClipUITests.xctest */,
			);
			name = Products;
			sourceTree = "<group>";
		};
		55D1C50024B95E6D0087F8A2 /* netdata */ = {
			isa = PBXGroup;
			children = (
				550072C825161E080096BF4D /* GoogleService-Info.plist */,
				5508041024D049B8002FFAA5 /* Core */,
				55D1C53524B969A50087F8A2 /* netdata.entitlements */,
				55D1C53224B9635D0087F8A2 /* Models */,
				55D1C52C24B95F030087F8A2 /* Modules */,
				55D1C50124B95E6D0087F8A2 /* netdataApp.swift */,
				55D1C50524B95E6F0087F8A2 /* Assets.xcassets */,
				55D1C50A24B95E6F0087F8A2 /* Info.plist */,
				55D1C50724B95E6F0087F8A2 /* Preview Content */,
			);
			path = netdata;
			sourceTree = "<group>";
		};
		55D1C50724B95E6F0087F8A2 /* Preview Content */ = {
			isa = PBXGroup;
			children = (
				55D1C50824B95E6F0087F8A2 /* Preview Assets.xcassets */,
			);
			path = "Preview Content";
			sourceTree = "<group>";
		};
		55D1C51224B95E6F0087F8A2 /* netdataTests */ = {
			isa = PBXGroup;
			children = (
				55D1C51324B95E6F0087F8A2 /* netdataTests.swift */,
				55D1C51524B95E6F0087F8A2 /* Info.plist */,
			);
			path = netdataTests;
			sourceTree = "<group>";
		};
		55D1C51D24B95E6F0087F8A2 /* netdataUITests */ = {
			isa = PBXGroup;
			children = (
				55D1C51E24B95E6F0087F8A2 /* netdataUITests.swift */,
				55D1C52024B95E6F0087F8A2 /* Info.plist */,
			);
			path = netdataUITests;
			sourceTree = "<group>";
		};
		55D1C52C24B95F030087F8A2 /* Modules */ = {
			isa = PBXGroup;
			children = (
				55E91EBB24D99D5600218F57 /* Welcome */,
				5508041124D04A54002FFAA5 /* ServerDetail */,
				55FC8F6C24BADA4B00CA8751 /* Settings */,
				558CABB524B9A420002D115B /* ServerList */,
				558CABB224B9A041002D115B /* Shared */,
			);
			path = Modules;
			sourceTree = "<group>";
		};
		55D1C53224B9635D0087F8A2 /* Models */ = {
			isa = PBXGroup;
			children = (
				55D1C53324B9636E0087F8A2 /* NDServer.swift */,
				55BA430F24C332C900599345 /* ServerInfo.swift */,
				55BA431124C3395400599345 /* ServerData.swift */,
				5508041524D05ABF002FFAA5 /* ServerAlarms.swift */,
				559300E424D550A6006C6DB4 /* ServerCharts.swift */,
			);
			path = Models;
			sourceTree = "<group>";
		};
		55D1C53624B969AC0087F8A2 /* Frameworks */ = {
			isa = PBXGroup;
			children = (
				55D1C53724B969AC0087F8A2 /* CloudKit.framework */,
				552B4E7724CD16C0008B9DA6 /* WidgetKit.framework */,
				552B4E7924CD16C0008B9DA6 /* SwiftUI.framework */,
				8B1E82E16159B0F329C2C844 /* Pods_netdata.framework */,
				D4908D65829BB6DE09935726 /* Pods_netdata_netdataUITests.framework */,
				775BC64D606BCC8A52C9B724 /* Pods_netdataTests.framework */,
			);
			name = Frameworks;
			sourceTree = "<group>";
		};
		55D3076A24D1823500CF076B /* UX */ = {
			isa = PBXGroup;
			children = (
				55D3076B24D1825700CF076B /* FeedbackGenerator.swift */,
			);
			path = UX;
			sourceTree = "<group>";
		};
		55D3076D24D18F7000CF076B /* Extensions */ = {
			isa = PBXGroup;
			children = (
				55D3076E24D18F9600CF076B /* UserDefaults+Color.swift */,
			);
			path = Extensions;
			sourceTree = "<group>";
		};
		55D3077024D1979500CF076B /* Components */ = {
			isa = PBXGroup;
			children = (
				55D3077124D197A600CF076B /* AlarmsListView.swift */,
				55D3077324D19D1E00CF076B /* AlarmListRow.swift */,
				559300E624D58656006C6DB4 /* ChartsListView.swift */,
				559300E824D587C0006C6DB4 /* ChartListRow.swift */,
				552C2C2524D6B9BB00D3DFBE /* CustomChartDetailView.swift */,
			);
			path = Components;
			sourceTree = "<group>";
		};
		55E91EBB24D99D5600218F57 /* Welcome */ = {
			isa = PBXGroup;
			children = (
				55E91EBC24D99D6900218F57 /* WelcomeScreen.swift */,
			);
			path = Welcome;
			sourceTree = "<group>";
		};
		55FC8F6C24BADA4B00CA8751 /* Settings */ = {
			isa = PBXGroup;
			children = (
				55FC8F6D24BADA5B00CA8751 /* SettingsView.swift */,
			);
			path = Settings;
			sourceTree = "<group>";
		};
		6F6281803DF97AE6CAC26AA9 /* Pods */ = {
			isa = PBXGroup;
			children = (
				43CF445059DFD6753DCD2027 /* Pods-netdata.debug.xcconfig */,
				0B37821B9AFF5798B837BB15 /* Pods-netdata.release.xcconfig */,
				BD95A69BE87B96971B11103A /* Pods-netdata-netdataUITests.debug.xcconfig */,
				AE5D8B404A07E939824BFC9F /* Pods-netdata-netdataUITests.release.xcconfig */,
				885D1BAEAE180393523D35A9 /* Pods-netdataTests.debug.xcconfig */,
				D272B75710589A44BD314D7C /* Pods-netdataTests.release.xcconfig */,
			);
			path = Pods;
			sourceTree = "<group>";
		};
/* End PBXGroup section */

/* Begin PBXNativeTarget section */
		55380375254510DD003A9BFE /* NetdataClip */ = {
			isa = PBXNativeTarget;
			buildConfigurationList = 553803A3254510DF003A9BFE /* Build configuration list for PBXNativeTarget "NetdataClip" */;
			buildPhases = (
				55380372254510DD003A9BFE /* Sources */,
				55380373254510DD003A9BFE /* Frameworks */,
				55380374254510DD003A9BFE /* Resources */,
			);
			buildRules = (
			);
			dependencies = (
			);
			name = NetdataClip;
			productName = NetdataClip;
			productReference = 55380376254510DD003A9BFE /* NetdataClip.app */;
			productType = "com.apple.product-type.application.on-demand-install-capable";
		};
		55380386254510DF003A9BFE /* NetdataClipTests */ = {
			isa = PBXNativeTarget;
			buildConfigurationList = 553803A4254510DF003A9BFE /* Build configuration list for PBXNativeTarget "NetdataClipTests" */;
			buildPhases = (
				55380383254510DF003A9BFE /* Sources */,
				55380384254510DF003A9BFE /* Frameworks */,
				55380385254510DF003A9BFE /* Resources */,
			);
			buildRules = (
			);
			dependencies = (
				55380389254510DF003A9BFE /* PBXTargetDependency */,
			);
			name = NetdataClipTests;
			productName = NetdataClipTests;
			productReference = 55380387254510DF003A9BFE /* NetdataClipTests.xctest */;
			productType = "com.apple.product-type.bundle.unit-test";
		};
		55380391254510DF003A9BFE /* NetdataClipUITests */ = {
			isa = PBXNativeTarget;
			buildConfigurationList = 553803A5254510DF003A9BFE /* Build configuration list for PBXNativeTarget "NetdataClipUITests" */;
			buildPhases = (
				5538038E254510DF003A9BFE /* Sources */,
				5538038F254510DF003A9BFE /* Frameworks */,
				55380390254510DF003A9BFE /* Resources */,
			);
			buildRules = (
			);
			dependencies = (
				55380394254510DF003A9BFE /* PBXTargetDependency */,
			);
			name = NetdataClipUITests;
			productName = NetdataClipUITests;
			productReference = 55380392254510DF003A9BFE /* NetdataClipUITests.xctest */;
			productType = "com.apple.product-type.bundle.ui-testing";
		};
		55D1C4FD24B95E6D0087F8A2 /* netdata */ = {
			isa = PBXNativeTarget;
			buildConfigurationList = 55D1C52324B95E6F0087F8A2 /* Build configuration list for PBXNativeTarget "netdata" */;
			buildPhases = (
				F8EEDA9FF30D8C5AE5EC702F /* [CP] Check Pods Manifest.lock */,
				55D1C4FA24B95E6D0087F8A2 /* Sources */,
				55D1C4FB24B95E6D0087F8A2 /* Frameworks */,
				55D1C4FC24B95E6D0087F8A2 /* Resources */,
				552B4E8424CD16C2008B9DA6 /* Embed App Extensions */,
				5A98738B268D5A27C4252050 /* [CP] Embed Pods Frameworks */,
				550072D025161E540096BF4D /* ShellScript */,
				5538039C254510DF003A9BFE /* Embed App Clips */,
			);
			buildRules = (
			);
			dependencies = (
				5538039A254510DF003A9BFE /* PBXTargetDependency */,
			);
			name = netdata;
			productName = netdata;
			productReference = 55D1C4FE24B95E6D0087F8A2 /* netdata.app */;
			productType = "com.apple.product-type.application";
		};
		55D1C50E24B95E6F0087F8A2 /* netdataTests */ = {
			isa = PBXNativeTarget;
			buildConfigurationList = 55D1C52624B95E6F0087F8A2 /* Build configuration list for PBXNativeTarget "netdataTests" */;
			buildPhases = (
				FB3DAE12ADA8C866D6893866 /* [CP] Check Pods Manifest.lock */,
				55D1C50B24B95E6F0087F8A2 /* Sources */,
				55D1C50C24B95E6F0087F8A2 /* Frameworks */,
				55D1C50D24B95E6F0087F8A2 /* Resources */,
			);
			buildRules = (
			);
			dependencies = (
				55D1C51124B95E6F0087F8A2 /* PBXTargetDependency */,
			);
			name = netdataTests;
			productName = netdataTests;
			productReference = 55D1C50F24B95E6F0087F8A2 /* netdataTests.xctest */;
			productType = "com.apple.product-type.bundle.unit-test";
		};
		55D1C51924B95E6F0087F8A2 /* netdataUITests */ = {
			isa = PBXNativeTarget;
			buildConfigurationList = 55D1C52924B95E6F0087F8A2 /* Build configuration list for PBXNativeTarget "netdataUITests" */;
			buildPhases = (
				AABBD21D0AA27DC379B9D922 /* [CP] Check Pods Manifest.lock */,
				55D1C51624B95E6F0087F8A2 /* Sources */,
				55D1C51724B95E6F0087F8A2 /* Frameworks */,
				55D1C51824B95E6F0087F8A2 /* Resources */,
				4AA7CE8059D3A58624B5116B /* [CP] Embed Pods Frameworks */,
			);
			buildRules = (
			);
			dependencies = (
				55D1C51C24B95E6F0087F8A2 /* PBXTargetDependency */,
			);
			name = netdataUITests;
			productName = netdataUITests;
			productReference = 55D1C51A24B95E6F0087F8A2 /* netdataUITests.xctest */;
			productType = "com.apple.product-type.bundle.ui-testing";
		};
/* End PBXNativeTarget section */

/* Begin PBXProject section */
		55D1C4F624B95E6D0087F8A2 /* Project object */ = {
			isa = PBXProject;
			attributes = {
				LastSwiftUpdateCheck = 1210;
				LastUpgradeCheck = 1200;
				TargetAttributes = {
					55380375254510DD003A9BFE = {
						CreatedOnToolsVersion = 12.1;
					};
					55380386254510DF003A9BFE = {
						CreatedOnToolsVersion = 12.1;
						TestTargetID = 55380375254510DD003A9BFE;
					};
					55380391254510DF003A9BFE = {
						CreatedOnToolsVersion = 12.1;
						TestTargetID = 55380375254510DD003A9BFE;
					};
					55D1C4FD24B95E6D0087F8A2 = {
						CreatedOnToolsVersion = 12.0;
					};
					55D1C50E24B95E6F0087F8A2 = {
						CreatedOnToolsVersion = 12.0;
						TestTargetID = 55D1C4FD24B95E6D0087F8A2;
					};
					55D1C51924B95E6F0087F8A2 = {
						CreatedOnToolsVersion = 12.0;
						TestTargetID = 55D1C4FD24B95E6D0087F8A2;
					};
				};
			};
			buildConfigurationList = 55D1C4F924B95E6D0087F8A2 /* Build configuration list for PBXProject "netdata" */;
			compatibilityVersion = "Xcode 9.3";
			developmentRegion = en;
			hasScannedForEncodings = 0;
			knownRegions = (
				en,
				Base,
			);
			mainGroup = 55D1C4F524B95E6D0087F8A2;
			productRefGroup = 55D1C4FF24B95E6D0087F8A2 /* Products */;
			projectDirPath = "";
			projectRoot = "";
			targets = (
				55D1C4FD24B95E6D0087F8A2 /* netdata */,
				55D1C50E24B95E6F0087F8A2 /* netdataTests */,
				55D1C51924B95E6F0087F8A2 /* netdataUITests */,
				55380375254510DD003A9BFE /* NetdataClip */,
				55380386254510DF003A9BFE /* NetdataClipTests */,
				55380391254510DF003A9BFE /* NetdataClipUITests */,
			);
		};
/* End PBXProject section */

/* Begin PBXResourcesBuildPhase section */
		55380374254510DD003A9BFE /* Resources */ = {
			isa = PBXResourcesBuildPhase;
			buildActionMask = 2147483647;
			files = (
				55380380254510DF003A9BFE /* Preview Assets.xcassets in Resources */,
				5538037D254510DF003A9BFE /* Assets.xcassets in Resources */,
			);
			runOnlyForDeploymentPostprocessing = 0;
		};
		55380385254510DF003A9BFE /* Resources */ = {
			isa = PBXResourcesBuildPhase;
			buildActionMask = 2147483647;
			files = (
			);
			runOnlyForDeploymentPostprocessing = 0;
		};
		55380390254510DF003A9BFE /* Resources */ = {
			isa = PBXResourcesBuildPhase;
			buildActionMask = 2147483647;
			files = (
			);
			runOnlyForDeploymentPostprocessing = 0;
		};
		55D1C4FC24B95E6D0087F8A2 /* Resources */ = {
			isa = PBXResourcesBuildPhase;
			buildActionMask = 2147483647;
			files = (
				55D1C50924B95E6F0087F8A2 /* Preview Assets.xcassets in Resources */,
				550072C925161E080096BF4D /* GoogleService-Info.plist in Resources */,
				55D1C50624B95E6F0087F8A2 /* Assets.xcassets in Resources */,
			);
			runOnlyForDeploymentPostprocessing = 0;
		};
		55D1C50D24B95E6F0087F8A2 /* Resources */ = {
			isa = PBXResourcesBuildPhase;
			buildActionMask = 2147483647;
			files = (
			);
			runOnlyForDeploymentPostprocessing = 0;
		};
		55D1C51824B95E6F0087F8A2 /* Resources */ = {
			isa = PBXResourcesBuildPhase;
			buildActionMask = 2147483647;
			files = (
			);
			runOnlyForDeploymentPostprocessing = 0;
		};
/* End PBXResourcesBuildPhase section */

/* Begin PBXShellScriptBuildPhase section */
		4AA7CE8059D3A58624B5116B /* [CP] Embed Pods Frameworks */ = {
			isa = PBXShellScriptBuildPhase;
			buildActionMask = 2147483647;
			files = (
			);
			inputFileListPaths = (
				"${PODS_ROOT}/Target Support Files/Pods-netdata-netdataUITests/Pods-netdata-netdataUITests-frameworks-${CONFIGURATION}-input-files.xcfilelist",
			);
			name = "[CP] Embed Pods Frameworks";
			outputFileListPaths = (
				"${PODS_ROOT}/Target Support Files/Pods-netdata-netdataUITests/Pods-netdata-netdataUITests-frameworks-${CONFIGURATION}-output-files.xcfilelist",
			);
			runOnlyForDeploymentPostprocessing = 0;
			shellPath = /bin/sh;
			shellScript = "\"${PODS_ROOT}/Target Support Files/Pods-netdata-netdataUITests/Pods-netdata-netdataUITests-frameworks.sh\"\n";
			showEnvVarsInLog = 0;
		};
		550072D025161E540096BF4D /* ShellScript */ = {
			isa = PBXShellScriptBuildPhase;
			buildActionMask = 2147483647;
			files = (
			);
			inputFileListPaths = (
			);
			inputPaths = (
				"$(SRCROOT)/$(BUILT_PRODUCTS_DIR)/$(INFOPLIST_PATH)",
				"${DWARF_DSYM_FOLDER_PATH}/${DWARF_DSYM_FILE_NAME}/Contents/Resources/DWARF/${TARGET_NAME}",
			);
			outputFileListPaths = (
			);
			outputPaths = (
			);
			runOnlyForDeploymentPostprocessing = 0;
			shellPath = /bin/sh;
			shellScript = "# Type a script or drag a script file from your workspace to insert its path.\n\"${PODS_ROOT}/FirebaseCrashlytics/run\"\n";
		};
		5A98738B268D5A27C4252050 /* [CP] Embed Pods Frameworks */ = {
			isa = PBXShellScriptBuildPhase;
			buildActionMask = 2147483647;
			files = (
			);
			inputFileListPaths = (
				"${PODS_ROOT}/Target Support Files/Pods-netdata/Pods-netdata-frameworks-${CONFIGURATION}-input-files.xcfilelist",
			);
			name = "[CP] Embed Pods Frameworks";
			outputFileListPaths = (
				"${PODS_ROOT}/Target Support Files/Pods-netdata/Pods-netdata-frameworks-${CONFIGURATION}-output-files.xcfilelist",
			);
			runOnlyForDeploymentPostprocessing = 0;
			shellPath = /bin/sh;
			shellScript = "\"${PODS_ROOT}/Target Support Files/Pods-netdata/Pods-netdata-frameworks.sh\"\n";
			showEnvVarsInLog = 0;
		};
		AABBD21D0AA27DC379B9D922 /* [CP] Check Pods Manifest.lock */ = {
			isa = PBXShellScriptBuildPhase;
			buildActionMask = 2147483647;
			files = (
			);
			inputFileListPaths = (
			);
			inputPaths = (
				"${PODS_PODFILE_DIR_PATH}/Podfile.lock",
				"${PODS_ROOT}/Manifest.lock",
			);
			name = "[CP] Check Pods Manifest.lock";
			outputFileListPaths = (
			);
			outputPaths = (
				"$(DERIVED_FILE_DIR)/Pods-netdata-netdataUITests-checkManifestLockResult.txt",
			);
			runOnlyForDeploymentPostprocessing = 0;
			shellPath = /bin/sh;
			shellScript = "diff \"${PODS_PODFILE_DIR_PATH}/Podfile.lock\" \"${PODS_ROOT}/Manifest.lock\" > /dev/null\nif [ $? != 0 ] ; then\n    # print error to STDERR\n    echo \"error: The sandbox is not in sync with the Podfile.lock. Run 'pod install' or update your CocoaPods installation.\" >&2\n    exit 1\nfi\n# This output is used by Xcode 'outputs' to avoid re-running this script phase.\necho \"SUCCESS\" > \"${SCRIPT_OUTPUT_FILE_0}\"\n";
			showEnvVarsInLog = 0;
		};
		F8EEDA9FF30D8C5AE5EC702F /* [CP] Check Pods Manifest.lock */ = {
			isa = PBXShellScriptBuildPhase;
			buildActionMask = 2147483647;
			files = (
			);
			inputFileListPaths = (
			);
			inputPaths = (
				"${PODS_PODFILE_DIR_PATH}/Podfile.lock",
				"${PODS_ROOT}/Manifest.lock",
			);
			name = "[CP] Check Pods Manifest.lock";
			outputFileListPaths = (
			);
			outputPaths = (
				"$(DERIVED_FILE_DIR)/Pods-netdata-checkManifestLockResult.txt",
			);
			runOnlyForDeploymentPostprocessing = 0;
			shellPath = /bin/sh;
			shellScript = "diff \"${PODS_PODFILE_DIR_PATH}/Podfile.lock\" \"${PODS_ROOT}/Manifest.lock\" > /dev/null\nif [ $? != 0 ] ; then\n    # print error to STDERR\n    echo \"error: The sandbox is not in sync with the Podfile.lock. Run 'pod install' or update your CocoaPods installation.\" >&2\n    exit 1\nfi\n# This output is used by Xcode 'outputs' to avoid re-running this script phase.\necho \"SUCCESS\" > \"${SCRIPT_OUTPUT_FILE_0}\"\n";
			showEnvVarsInLog = 0;
		};
		FB3DAE12ADA8C866D6893866 /* [CP] Check Pods Manifest.lock */ = {
			isa = PBXShellScriptBuildPhase;
			buildActionMask = 2147483647;
			files = (
			);
			inputFileListPaths = (
			);
			inputPaths = (
				"${PODS_PODFILE_DIR_PATH}/Podfile.lock",
				"${PODS_ROOT}/Manifest.lock",
			);
			name = "[CP] Check Pods Manifest.lock";
			outputFileListPaths = (
			);
			outputPaths = (
				"$(DERIVED_FILE_DIR)/Pods-netdataTests-checkManifestLockResult.txt",
			);
			runOnlyForDeploymentPostprocessing = 0;
			shellPath = /bin/sh;
			shellScript = "diff \"${PODS_PODFILE_DIR_PATH}/Podfile.lock\" \"${PODS_ROOT}/Manifest.lock\" > /dev/null\nif [ $? != 0 ] ; then\n    # print error to STDERR\n    echo \"error: The sandbox is not in sync with the Podfile.lock. Run 'pod install' or update your CocoaPods installation.\" >&2\n    exit 1\nfi\n# This output is used by Xcode 'outputs' to avoid re-running this script phase.\necho \"SUCCESS\" > \"${SCRIPT_OUTPUT_FILE_0}\"\n";
			showEnvVarsInLog = 0;
		};
/* End PBXShellScriptBuildPhase section */

/* Begin PBXSourcesBuildPhase section */
		55380372254510DD003A9BFE /* Sources */ = {
			isa = PBXSourcesBuildPhase;
			buildActionMask = 2147483647;
			files = (
				553803F5254514B6003A9BFE /* ServerData.swift in Sources */,
				553803FC254514C4003A9BFE /* NetDataAPI.swift in Sources */,
				553803E7254514A4003A9BFE /* ServerDetailViewModel.swift in Sources */,
				5538042E2545170E003A9BFE /* PercentageUsageData.swift in Sources */,
				553804192545150A003A9BFE /* ServerDetailDemoView.swift in Sources */,
				553804432545174A003A9BFE /* CustomTextStyle.swift in Sources */,
				5538042725451705003A9BFE /* AbsoluteUsageData.swift in Sources */,
				5538037B254510DD003A9BFE /* MainView.swift in Sources */,
				55380420254516FE003A9BFE /* DataGrid.swift in Sources */,
				553803EE254514B1003A9BFE /* ServerCharts.swift in Sources */,
				5538040A254514D7003A9BFE /* ServerInfo.swift in Sources */,
				5538043C25451736003A9BFE /* ReadableGuidePadding.swift in Sources */,
				55380411254514DD003A9BFE /* ServerAlarms.swift in Sources */,
				55380403254514D2003A9BFE /* Agent.swift in Sources */,
				5538043525451717003A9BFE /* Meter.swift in Sources */,
				553803AC254512EB003A9BFE /* ErrorMessage.swift in Sources */,
				55380379254510DD003A9BFE /* NetdataClipApp.swift in Sources */,
			);
			runOnlyForDeploymentPostprocessing = 0;
		};
		55380383254510DF003A9BFE /* Sources */ = {
			isa = PBXSourcesBuildPhase;
			buildActionMask = 2147483647;
			files = (
				5538038C254510DF003A9BFE /* NetdataClipTests.swift in Sources */,
			);
			runOnlyForDeploymentPostprocessing = 0;
		};
		5538038E254510DF003A9BFE /* Sources */ = {
			isa = PBXSourcesBuildPhase;
			buildActionMask = 2147483647;
			files = (
				55380397254510DF003A9BFE /* NetdataClipUITests.swift in Sources */,
			);
			runOnlyForDeploymentPostprocessing = 0;
		};
		55D1C4FA24B95E6D0087F8A2 /* Sources */ = {
			isa = PBXSourcesBuildPhase;
			buildActionMask = 2147483647;
			files = (
				5508041624D05ABF002FFAA5 /* ServerAlarms.swift in Sources */,
				55FC8F6B24BAD8F100CA8751 /* ServerDetailView.swift in Sources */,
				55BFBA2924CC5875004461D3 /* ServerListViewModel.swift in Sources */,
				55D3077424D19D1E00CF076B /* AlarmListRow.swift in Sources */,
				558CABAC24B99931002D115B /* CloudModel.swift in Sources */,
				55D3076F24D18F9600CF076B /* UserDefaults+Color.swift in Sources */,
				558CABAF24B999F7002D115B /* ServerService.swift in Sources */,
				55BFBA2524CC474A004461D3 /* NetDataAPI.swift in Sources */,
				55D1C50224B95E6D0087F8A2 /* netdataApp.swift in Sources */,
				55D1C53424B9636E0087F8A2 /* NDServer.swift in Sources */,
				559300E724D58656006C6DB4 /* ChartsListView.swift in Sources */,
				559843B424CEFAAC0034E92D /* ServerDetailViewModel.swift in Sources */,
				552E19D324CDB71500CDB97F /* EditServerForm.swift in Sources */,
				55BFBA2724CC4EA1004461D3 /* Agent.swift in Sources */,
				552862E524CD018B008E2B0E /* ErrorMessage.swift in Sources */,
				552C2C2824D6C84300D3DFBE /* SearchBar.swift in Sources */,
				55BA431224C3395400599345 /* ServerData.swift in Sources */,
				55C638F924CBE6B800395B23 /* PercentageUsageData.swift in Sources */,
				55BA431024C332C900599345 /* ServerInfo.swift in Sources */,
				555401A324D850D100B1B727 /* CustomTextStyle.swift in Sources */,
				55C638FD24CBFBA400395B23 /* DataGrid.swift in Sources */,
				559300E924D587C0006C6DB4 /* ChartListRow.swift in Sources */,
				55193D2A24E14D9500FE1D55 /* ReadableGuidePadding.swift in Sources */,
				55EE682A24CD962100546B1A /* UserSettings.swift in Sources */,
				558CABB124B99B42002D115B /* CloudService.swift in Sources */,
				55D1C52E24B95F580087F8A2 /* ServerListView.swift in Sources */,
				559300E524D550A6006C6DB4 /* ServerCharts.swift in Sources */,
				55D3077224D197A600CF076B /* AlarmsListView.swift in Sources */,
				55C638FB24CBEFCA00395B23 /* AbsoluteUsageData.swift in Sources */,
				55D3076C24D1825700CF076B /* FeedbackGenerator.swift in Sources */,
				559843B224CEF7590034E92D /* ServerListRow.swift in Sources */,
				55E91EBD24D99D6900218F57 /* WelcomeScreen.swift in Sources */,
				551420A924C3D6D200A22E9A /* Meter.swift in Sources */,
				55C638FF24CC1A4D00395B23 /* BorderedBarButtonStyle.swift in Sources */,
				558CABB724B9A435002D115B /* AddServerForm.swift in Sources */,
				55FC8F6E24BADA5B00CA8751 /* SettingsView.swift in Sources */,
				552C2C2624D6B9BB00D3DFBE /* CustomChartDetailView.swift in Sources */,
			);
			runOnlyForDeploymentPostprocessing = 0;
		};
		55D1C50B24B95E6F0087F8A2 /* Sources */ = {
			isa = PBXSourcesBuildPhase;
			buildActionMask = 2147483647;
			files = (
				55D1C51424B95E6F0087F8A2 /* netdataTests.swift in Sources */,
			);
			runOnlyForDeploymentPostprocessing = 0;
		};
		55D1C51624B95E6F0087F8A2 /* Sources */ = {
			isa = PBXSourcesBuildPhase;
			buildActionMask = 2147483647;
			files = (
				55D1C51F24B95E6F0087F8A2 /* netdataUITests.swift in Sources */,
			);
			runOnlyForDeploymentPostprocessing = 0;
		};
/* End PBXSourcesBuildPhase section */

/* Begin PBXTargetDependency section */
		55380389254510DF003A9BFE /* PBXTargetDependency */ = {
			isa = PBXTargetDependency;
			target = 55380375254510DD003A9BFE /* NetdataClip */;
			targetProxy = 55380388254510DF003A9BFE /* PBXContainerItemProxy */;
		};
		55380394254510DF003A9BFE /* PBXTargetDependency */ = {
			isa = PBXTargetDependency;
			target = 55380375254510DD003A9BFE /* NetdataClip */;
			targetProxy = 55380393254510DF003A9BFE /* PBXContainerItemProxy */;
		};
		5538039A254510DF003A9BFE /* PBXTargetDependency */ = {
			isa = PBXTargetDependency;
			platformFilter = ios;
			target = 55380375254510DD003A9BFE /* NetdataClip */;
			targetProxy = 55380399254510DF003A9BFE /* PBXContainerItemProxy */;
		};
		55D1C51124B95E6F0087F8A2 /* PBXTargetDependency */ = {
			isa = PBXTargetDependency;
			target = 55D1C4FD24B95E6D0087F8A2 /* netdata */;
			targetProxy = 55D1C51024B95E6F0087F8A2 /* PBXContainerItemProxy */;
		};
		55D1C51C24B95E6F0087F8A2 /* PBXTargetDependency */ = {
			isa = PBXTargetDependency;
			target = 55D1C4FD24B95E6D0087F8A2 /* netdata */;
			targetProxy = 55D1C51B24B95E6F0087F8A2 /* PBXContainerItemProxy */;
		};
/* End PBXTargetDependency section */

/* Begin XCBuildConfiguration section */
		5538039D254510DF003A9BFE /* Debug */ = {
			isa = XCBuildConfiguration;
			buildSettings = {
				ASSETCATALOG_COMPILER_APPICON_NAME = AppIcon;
				ASSETCATALOG_COMPILER_GLOBAL_ACCENT_COLOR_NAME = AccentColor;
				CODE_SIGN_ENTITLEMENTS = NetdataClip/NetdataClip.entitlements;
				CODE_SIGN_STYLE = Automatic;
				CURRENT_PROJECT_VERSION = 12;
				DEVELOPMENT_ASSET_PATHS = "\"NetdataClip/Preview Content\"";
				DEVELOPMENT_TEAM = H78GYE72WQ;
				ENABLE_PREVIEWS = YES;
				INFOPLIST_FILE = NetdataClip/Info.plist;
				IPHONEOS_DEPLOYMENT_TARGET = 14.1;
				LD_RUNPATH_SEARCH_PATHS = (
					"$(inherited)",
					"@executable_path/Frameworks",
				);
				MARKETING_VERSION = 1.3;
				PRODUCT_BUNDLE_IDENTIFIER = com.techulus.netdata.Clip;
				PRODUCT_NAME = "$(TARGET_NAME)";
				SWIFT_VERSION = 5.0;
				TARGETED_DEVICE_FAMILY = "1,2";
			};
			name = Debug;
		};
		5538039E254510DF003A9BFE /* Release */ = {
			isa = XCBuildConfiguration;
			buildSettings = {
				ASSETCATALOG_COMPILER_APPICON_NAME = AppIcon;
				ASSETCATALOG_COMPILER_GLOBAL_ACCENT_COLOR_NAME = AccentColor;
				CODE_SIGN_ENTITLEMENTS = NetdataClip/NetdataClip.entitlements;
				CODE_SIGN_STYLE = Automatic;
				CURRENT_PROJECT_VERSION = 12;
				DEVELOPMENT_ASSET_PATHS = "\"NetdataClip/Preview Content\"";
				DEVELOPMENT_TEAM = H78GYE72WQ;
				ENABLE_PREVIEWS = YES;
				INFOPLIST_FILE = NetdataClip/Info.plist;
				IPHONEOS_DEPLOYMENT_TARGET = 14.1;
				LD_RUNPATH_SEARCH_PATHS = (
					"$(inherited)",
					"@executable_path/Frameworks",
				);
				MARKETING_VERSION = 1.3;
				PRODUCT_BUNDLE_IDENTIFIER = com.techulus.netdata.Clip;
				PRODUCT_NAME = "$(TARGET_NAME)";
				SWIFT_VERSION = 5.0;
				TARGETED_DEVICE_FAMILY = "1,2";
			};
			name = Release;
		};
		5538039F254510DF003A9BFE /* Debug */ = {
			isa = XCBuildConfiguration;
			buildSettings = {
				ALWAYS_EMBED_SWIFT_STANDARD_LIBRARIES = YES;
				BUNDLE_LOADER = "$(TEST_HOST)";
				CODE_SIGN_STYLE = Automatic;
				DEVELOPMENT_TEAM = H78GYE72WQ;
				INFOPLIST_FILE = NetdataClipTests/Info.plist;
				IPHONEOS_DEPLOYMENT_TARGET = 14.1;
				LD_RUNPATH_SEARCH_PATHS = (
					"$(inherited)",
					"@executable_path/Frameworks",
					"@loader_path/Frameworks",
				);
				PRODUCT_BUNDLE_IDENTIFIER = com.techulus.netdata.NetdataClipTests;
				PRODUCT_NAME = "$(TARGET_NAME)";
				SWIFT_VERSION = 5.0;
				TARGETED_DEVICE_FAMILY = "1,2";
				TEST_HOST = "$(BUILT_PRODUCTS_DIR)/NetdataClip.app/NetdataClip";
			};
			name = Debug;
		};
		553803A0254510DF003A9BFE /* Release */ = {
			isa = XCBuildConfiguration;
			buildSettings = {
				ALWAYS_EMBED_SWIFT_STANDARD_LIBRARIES = YES;
				BUNDLE_LOADER = "$(TEST_HOST)";
				CODE_SIGN_STYLE = Automatic;
				DEVELOPMENT_TEAM = H78GYE72WQ;
				INFOPLIST_FILE = NetdataClipTests/Info.plist;
				IPHONEOS_DEPLOYMENT_TARGET = 14.1;
				LD_RUNPATH_SEARCH_PATHS = (
					"$(inherited)",
					"@executable_path/Frameworks",
					"@loader_path/Frameworks",
				);
				PRODUCT_BUNDLE_IDENTIFIER = com.techulus.netdata.NetdataClipTests;
				PRODUCT_NAME = "$(TARGET_NAME)";
				SWIFT_VERSION = 5.0;
				TARGETED_DEVICE_FAMILY = "1,2";
				TEST_HOST = "$(BUILT_PRODUCTS_DIR)/NetdataClip.app/NetdataClip";
			};
			name = Release;
		};
		553803A1254510DF003A9BFE /* Debug */ = {
			isa = XCBuildConfiguration;
			buildSettings = {
				ALWAYS_EMBED_SWIFT_STANDARD_LIBRARIES = YES;
				CODE_SIGN_STYLE = Automatic;
				DEVELOPMENT_TEAM = H78GYE72WQ;
				INFOPLIST_FILE = NetdataClipUITests/Info.plist;
				IPHONEOS_DEPLOYMENT_TARGET = 14.1;
				LD_RUNPATH_SEARCH_PATHS = (
					"$(inherited)",
					"@executable_path/Frameworks",
					"@loader_path/Frameworks",
				);
				PRODUCT_BUNDLE_IDENTIFIER = com.techulus.netdata.NetdataClipUITests;
				PRODUCT_NAME = "$(TARGET_NAME)";
				SWIFT_VERSION = 5.0;
				TARGETED_DEVICE_FAMILY = "1,2";
				TEST_TARGET_NAME = NetdataClip;
			};
			name = Debug;
		};
		553803A2254510DF003A9BFE /* Release */ = {
			isa = XCBuildConfiguration;
			buildSettings = {
				ALWAYS_EMBED_SWIFT_STANDARD_LIBRARIES = YES;
				CODE_SIGN_STYLE = Automatic;
				DEVELOPMENT_TEAM = H78GYE72WQ;
				INFOPLIST_FILE = NetdataClipUITests/Info.plist;
				IPHONEOS_DEPLOYMENT_TARGET = 14.1;
				LD_RUNPATH_SEARCH_PATHS = (
					"$(inherited)",
					"@executable_path/Frameworks",
					"@loader_path/Frameworks",
				);
				PRODUCT_BUNDLE_IDENTIFIER = com.techulus.netdata.NetdataClipUITests;
				PRODUCT_NAME = "$(TARGET_NAME)";
				SWIFT_VERSION = 5.0;
				TARGETED_DEVICE_FAMILY = "1,2";
				TEST_TARGET_NAME = NetdataClip;
			};
			name = Release;
		};
		55D1C52124B95E6F0087F8A2 /* Debug */ = {
			isa = XCBuildConfiguration;
			buildSettings = {
				ALWAYS_SEARCH_USER_PATHS = NO;
				CLANG_ANALYZER_NONNULL = YES;
				CLANG_ANALYZER_NUMBER_OBJECT_CONVERSION = YES_AGGRESSIVE;
				CLANG_CXX_LANGUAGE_STANDARD = "gnu++14";
				CLANG_CXX_LIBRARY = "libc++";
				CLANG_ENABLE_MODULES = YES;
				CLANG_ENABLE_OBJC_ARC = YES;
				CLANG_ENABLE_OBJC_WEAK = YES;
				CLANG_WARN_BLOCK_CAPTURE_AUTORELEASING = YES;
				CLANG_WARN_BOOL_CONVERSION = YES;
				CLANG_WARN_COMMA = YES;
				CLANG_WARN_CONSTANT_CONVERSION = YES;
				CLANG_WARN_DEPRECATED_OBJC_IMPLEMENTATIONS = YES;
				CLANG_WARN_DIRECT_OBJC_ISA_USAGE = YES_ERROR;
				CLANG_WARN_DOCUMENTATION_COMMENTS = YES;
				CLANG_WARN_EMPTY_BODY = YES;
				CLANG_WARN_ENUM_CONVERSION = YES;
				CLANG_WARN_INFINITE_RECURSION = YES;
				CLANG_WARN_INT_CONVERSION = YES;
				CLANG_WARN_NON_LITERAL_NULL_CONVERSION = YES;
				CLANG_WARN_OBJC_IMPLICIT_RETAIN_SELF = YES;
				CLANG_WARN_OBJC_LITERAL_CONVERSION = YES;
				CLANG_WARN_OBJC_ROOT_CLASS = YES_ERROR;
				CLANG_WARN_QUOTED_INCLUDE_IN_FRAMEWORK_HEADER = YES;
				CLANG_WARN_RANGE_LOOP_ANALYSIS = YES;
				CLANG_WARN_STRICT_PROTOTYPES = YES;
				CLANG_WARN_SUSPICIOUS_MOVE = YES;
				CLANG_WARN_UNGUARDED_AVAILABILITY = YES_AGGRESSIVE;
				CLANG_WARN_UNREACHABLE_CODE = YES;
				CLANG_WARN__DUPLICATE_METHOD_MATCH = YES;
				COPY_PHASE_STRIP = NO;
				DEBUG_INFORMATION_FORMAT = dwarf;
				ENABLE_STRICT_OBJC_MSGSEND = YES;
				ENABLE_TESTABILITY = YES;
				GCC_C_LANGUAGE_STANDARD = gnu11;
				GCC_DYNAMIC_NO_PIC = NO;
				GCC_NO_COMMON_BLOCKS = YES;
				GCC_OPTIMIZATION_LEVEL = 0;
				GCC_PREPROCESSOR_DEFINITIONS = (
					"DEBUG=1",
					"$(inherited)",
				);
				GCC_WARN_64_TO_32_BIT_CONVERSION = YES;
				GCC_WARN_ABOUT_RETURN_TYPE = YES_ERROR;
				GCC_WARN_UNDECLARED_SELECTOR = YES;
				GCC_WARN_UNINITIALIZED_AUTOS = YES_AGGRESSIVE;
				GCC_WARN_UNUSED_FUNCTION = YES;
				GCC_WARN_UNUSED_VARIABLE = YES;
				IPHONEOS_DEPLOYMENT_TARGET = 14.0;
				MTL_ENABLE_DEBUG_INFO = INCLUDE_SOURCE;
				MTL_FAST_MATH = YES;
				ONLY_ACTIVE_ARCH = YES;
				SDKROOT = iphoneos;
				SWIFT_ACTIVE_COMPILATION_CONDITIONS = DEBUG;
				SWIFT_OPTIMIZATION_LEVEL = "-Onone";
			};
			name = Debug;
		};
		55D1C52224B95E6F0087F8A2 /* Release */ = {
			isa = XCBuildConfiguration;
			buildSettings = {
				ALWAYS_SEARCH_USER_PATHS = NO;
				CLANG_ANALYZER_NONNULL = YES;
				CLANG_ANALYZER_NUMBER_OBJECT_CONVERSION = YES_AGGRESSIVE;
				CLANG_CXX_LANGUAGE_STANDARD = "gnu++14";
				CLANG_CXX_LIBRARY = "libc++";
				CLANG_ENABLE_MODULES = YES;
				CLANG_ENABLE_OBJC_ARC = YES;
				CLANG_ENABLE_OBJC_WEAK = YES;
				CLANG_WARN_BLOCK_CAPTURE_AUTORELEASING = YES;
				CLANG_WARN_BOOL_CONVERSION = YES;
				CLANG_WARN_COMMA = YES;
				CLANG_WARN_CONSTANT_CONVERSION = YES;
				CLANG_WARN_DEPRECATED_OBJC_IMPLEMENTATIONS = YES;
				CLANG_WARN_DIRECT_OBJC_ISA_USAGE = YES_ERROR;
				CLANG_WARN_DOCUMENTATION_COMMENTS = YES;
				CLANG_WARN_EMPTY_BODY = YES;
				CLANG_WARN_ENUM_CONVERSION = YES;
				CLANG_WARN_INFINITE_RECURSION = YES;
				CLANG_WARN_INT_CONVERSION = YES;
				CLANG_WARN_NON_LITERAL_NULL_CONVERSION = YES;
				CLANG_WARN_OBJC_IMPLICIT_RETAIN_SELF = YES;
				CLANG_WARN_OBJC_LITERAL_CONVERSION = YES;
				CLANG_WARN_OBJC_ROOT_CLASS = YES_ERROR;
				CLANG_WARN_QUOTED_INCLUDE_IN_FRAMEWORK_HEADER = YES;
				CLANG_WARN_RANGE_LOOP_ANALYSIS = YES;
				CLANG_WARN_STRICT_PROTOTYPES = YES;
				CLANG_WARN_SUSPICIOUS_MOVE = YES;
				CLANG_WARN_UNGUARDED_AVAILABILITY = YES_AGGRESSIVE;
				CLANG_WARN_UNREACHABLE_CODE = YES;
				CLANG_WARN__DUPLICATE_METHOD_MATCH = YES;
				COPY_PHASE_STRIP = NO;
				DEBUG_INFORMATION_FORMAT = "dwarf-with-dsym";
				ENABLE_NS_ASSERTIONS = NO;
				ENABLE_STRICT_OBJC_MSGSEND = YES;
				GCC_C_LANGUAGE_STANDARD = gnu11;
				GCC_NO_COMMON_BLOCKS = YES;
				GCC_WARN_64_TO_32_BIT_CONVERSION = YES;
				GCC_WARN_ABOUT_RETURN_TYPE = YES_ERROR;
				GCC_WARN_UNDECLARED_SELECTOR = YES;
				GCC_WARN_UNINITIALIZED_AUTOS = YES_AGGRESSIVE;
				GCC_WARN_UNUSED_FUNCTION = YES;
				GCC_WARN_UNUSED_VARIABLE = YES;
				IPHONEOS_DEPLOYMENT_TARGET = 14.0;
				MTL_ENABLE_DEBUG_INFO = NO;
				MTL_FAST_MATH = YES;
				SDKROOT = iphoneos;
				SWIFT_COMPILATION_MODE = wholemodule;
				SWIFT_OPTIMIZATION_LEVEL = "-O";
				VALIDATE_PRODUCT = YES;
			};
			name = Release;
		};
		55D1C52424B95E6F0087F8A2 /* Debug */ = {
			isa = XCBuildConfiguration;
			baseConfigurationReference = 43CF445059DFD6753DCD2027 /* Pods-netdata.debug.xcconfig */;
			buildSettings = {
				ALWAYS_EMBED_SWIFT_STANDARD_LIBRARIES = YES;
				ASSETCATALOG_COMPILER_APPICON_NAME = AppIcon;
				ASSETCATALOG_COMPILER_GLOBAL_ACCENT_COLOR_NAME = AccentColor;
				CODE_SIGN_ENTITLEMENTS = netdata/netdata.entitlements;
				CODE_SIGN_STYLE = Automatic;
				CURRENT_PROJECT_VERSION = 12;
				DEVELOPMENT_ASSET_PATHS = "\"netdata/Preview Content\"";
				DEVELOPMENT_TEAM = H78GYE72WQ;
				ENABLE_PREVIEWS = YES;
				INFOPLIST_FILE = netdata/Info.plist;
				IPHONEOS_DEPLOYMENT_TARGET = 14.0;
				"IPHONEOS_DEPLOYMENT_TARGET[sdk=macosx*]" = 14.2;
				LD_RUNPATH_SEARCH_PATHS = (
					"$(inherited)",
					"@executable_path/Frameworks",
				);
				MARKETING_VERSION = 1.3;
				PRODUCT_BUNDLE_IDENTIFIER = com.techulus.netdata;
				PRODUCT_NAME = "$(TARGET_NAME)";
				SUPPORTS_MACCATALYST = YES;
				SUPPORTS_MAC_DESIGNED_FOR_IPHONE_IPAD = NO;
				SWIFT_VERSION = 5.0;
				TARGETED_DEVICE_FAMILY = "1,2,6";
			};
			name = Debug;
		};
		55D1C52524B95E6F0087F8A2 /* Release */ = {
			isa = XCBuildConfiguration;
			baseConfigurationReference = 0B37821B9AFF5798B837BB15 /* Pods-netdata.release.xcconfig */;
			buildSettings = {
				ALWAYS_EMBED_SWIFT_STANDARD_LIBRARIES = YES;
				ASSETCATALOG_COMPILER_APPICON_NAME = AppIcon;
				ASSETCATALOG_COMPILER_GLOBAL_ACCENT_COLOR_NAME = AccentColor;
				CODE_SIGN_ENTITLEMENTS = netdata/netdata.entitlements;
				CODE_SIGN_STYLE = Automatic;
				CURRENT_PROJECT_VERSION = 12;
				DEVELOPMENT_ASSET_PATHS = "\"netdata/Preview Content\"";
				DEVELOPMENT_TEAM = H78GYE72WQ;
				ENABLE_PREVIEWS = YES;
				INFOPLIST_FILE = netdata/Info.plist;
				IPHONEOS_DEPLOYMENT_TARGET = 14.0;
				"IPHONEOS_DEPLOYMENT_TARGET[sdk=macosx*]" = 14.2;
				LD_RUNPATH_SEARCH_PATHS = (
					"$(inherited)",
					"@executable_path/Frameworks",
				);
				MARKETING_VERSION = 1.3;
				PRODUCT_BUNDLE_IDENTIFIER = com.techulus.netdata;
				PRODUCT_NAME = "$(TARGET_NAME)";
				SUPPORTS_MACCATALYST = YES;
				SUPPORTS_MAC_DESIGNED_FOR_IPHONE_IPAD = NO;
				SWIFT_VERSION = 5.0;
				TARGETED_DEVICE_FAMILY = "1,2,6";
			};
			name = Release;
		};
		55D1C52724B95E6F0087F8A2 /* Debug */ = {
			isa = XCBuildConfiguration;
			baseConfigurationReference = 885D1BAEAE180393523D35A9 /* Pods-netdataTests.debug.xcconfig */;
			buildSettings = {
				ALWAYS_EMBED_SWIFT_STANDARD_LIBRARIES = YES;
				BUNDLE_LOADER = "$(TEST_HOST)";
				CODE_SIGN_STYLE = Automatic;
				DEVELOPMENT_TEAM = H78GYE72WQ;
				INFOPLIST_FILE = netdataTests/Info.plist;
				IPHONEOS_DEPLOYMENT_TARGET = 14.0;
				LD_RUNPATH_SEARCH_PATHS = (
					"$(inherited)",
					"@executable_path/Frameworks",
					"@loader_path/Frameworks",
				);
				PRODUCT_BUNDLE_IDENTIFIER = com.techulus.netdataTests;
				PRODUCT_NAME = "$(TARGET_NAME)";
				SWIFT_VERSION = 5.0;
				TARGETED_DEVICE_FAMILY = "1,2";
				TEST_HOST = "$(BUILT_PRODUCTS_DIR)/netdata.app/netdata";
			};
			name = Debug;
		};
		55D1C52824B95E6F0087F8A2 /* Release */ = {
			isa = XCBuildConfiguration;
			baseConfigurationReference = D272B75710589A44BD314D7C /* Pods-netdataTests.release.xcconfig */;
			buildSettings = {
				ALWAYS_EMBED_SWIFT_STANDARD_LIBRARIES = YES;
				BUNDLE_LOADER = "$(TEST_HOST)";
				CODE_SIGN_STYLE = Automatic;
				DEVELOPMENT_TEAM = H78GYE72WQ;
				INFOPLIST_FILE = netdataTests/Info.plist;
				IPHONEOS_DEPLOYMENT_TARGET = 14.0;
				LD_RUNPATH_SEARCH_PATHS = (
					"$(inherited)",
					"@executable_path/Frameworks",
					"@loader_path/Frameworks",
				);
				PRODUCT_BUNDLE_IDENTIFIER = com.techulus.netdataTests;
				PRODUCT_NAME = "$(TARGET_NAME)";
				SWIFT_VERSION = 5.0;
				TARGETED_DEVICE_FAMILY = "1,2";
				TEST_HOST = "$(BUILT_PRODUCTS_DIR)/netdata.app/netdata";
			};
			name = Release;
		};
		55D1C52A24B95E6F0087F8A2 /* Debug */ = {
			isa = XCBuildConfiguration;
			baseConfigurationReference = BD95A69BE87B96971B11103A /* Pods-netdata-netdataUITests.debug.xcconfig */;
			buildSettings = {
				ALWAYS_EMBED_SWIFT_STANDARD_LIBRARIES = YES;
				CODE_SIGN_STYLE = Automatic;
				DEVELOPMENT_TEAM = H78GYE72WQ;
				INFOPLIST_FILE = netdataUITests/Info.plist;
				LD_RUNPATH_SEARCH_PATHS = (
					"$(inherited)",
					"@executable_path/Frameworks",
					"@loader_path/Frameworks",
				);
				PRODUCT_BUNDLE_IDENTIFIER = com.techulus.netdataUITests;
				PRODUCT_NAME = "$(TARGET_NAME)";
				SWIFT_VERSION = 5.0;
				TARGETED_DEVICE_FAMILY = "1,2";
				TEST_TARGET_NAME = netdata;
			};
			name = Debug;
		};
		55D1C52B24B95E6F0087F8A2 /* Release */ = {
			isa = XCBuildConfiguration;
			baseConfigurationReference = AE5D8B404A07E939824BFC9F /* Pods-netdata-netdataUITests.release.xcconfig */;
			buildSettings = {
				ALWAYS_EMBED_SWIFT_STANDARD_LIBRARIES = YES;
				CODE_SIGN_STYLE = Automatic;
				DEVELOPMENT_TEAM = H78GYE72WQ;
				INFOPLIST_FILE = netdataUITests/Info.plist;
				LD_RUNPATH_SEARCH_PATHS = (
					"$(inherited)",
					"@executable_path/Frameworks",
					"@loader_path/Frameworks",
				);
				PRODUCT_BUNDLE_IDENTIFIER = com.techulus.netdataUITests;
				PRODUCT_NAME = "$(TARGET_NAME)";
				SWIFT_VERSION = 5.0;
				TARGETED_DEVICE_FAMILY = "1,2";
				TEST_TARGET_NAME = netdata;
			};
			name = Release;
		};
/* End XCBuildConfiguration section */

/* Begin XCConfigurationList section */
		553803A3254510DF003A9BFE /* Build configuration list for PBXNativeTarget "NetdataClip" */ = {
			isa = XCConfigurationList;
			buildConfigurations = (
				5538039D254510DF003A9BFE /* Debug */,
				5538039E254510DF003A9BFE /* Release */,
			);
			defaultConfigurationIsVisible = 0;
			defaultConfigurationName = Release;
		};
		553803A4254510DF003A9BFE /* Build configuration list for PBXNativeTarget "NetdataClipTests" */ = {
			isa = XCConfigurationList;
			buildConfigurations = (
				5538039F254510DF003A9BFE /* Debug */,
				553803A0254510DF003A9BFE /* Release */,
			);
			defaultConfigurationIsVisible = 0;
			defaultConfigurationName = Release;
		};
		553803A5254510DF003A9BFE /* Build configuration list for PBXNativeTarget "NetdataClipUITests" */ = {
			isa = XCConfigurationList;
			buildConfigurations = (
				553803A1254510DF003A9BFE /* Debug */,
				553803A2254510DF003A9BFE /* Release */,
			);
			defaultConfigurationIsVisible = 0;
			defaultConfigurationName = Release;
		};
		55D1C4F924B95E6D0087F8A2 /* Build configuration list for PBXProject "netdata" */ = {
			isa = XCConfigurationList;
			buildConfigurations = (
				55D1C52124B95E6F0087F8A2 /* Debug */,
				55D1C52224B95E6F0087F8A2 /* Release */,
			);
			defaultConfigurationIsVisible = 0;
			defaultConfigurationName = Release;
		};
		55D1C52324B95E6F0087F8A2 /* Build configuration list for PBXNativeTarget "netdata" */ = {
			isa = XCConfigurationList;
			buildConfigurations = (
				55D1C52424B95E6F0087F8A2 /* Debug */,
				55D1C52524B95E6F0087F8A2 /* Release */,
			);
			defaultConfigurationIsVisible = 0;
			defaultConfigurationName = Release;
		};
		55D1C52624B95E6F0087F8A2 /* Build configuration list for PBXNativeTarget "netdataTests" */ = {
			isa = XCConfigurationList;
			buildConfigurations = (
				55D1C52724B95E6F0087F8A2 /* Debug */,
				55D1C52824B95E6F0087F8A2 /* Release */,
			);
			defaultConfigurationIsVisible = 0;
			defaultConfigurationName = Release;
		};
		55D1C52924B95E6F0087F8A2 /* Build configuration list for PBXNativeTarget "netdataUITests" */ = {
			isa = XCConfigurationList;
			buildConfigurations = (
				55D1C52A24B95E6F0087F8A2 /* Debug */,
				55D1C52B24B95E6F0087F8A2 /* Release */,
			);
			defaultConfigurationIsVisible = 0;
			defaultConfigurationName = Release;
		};
/* End XCConfigurationList section */
	};
	rootObject = 55D1C4F624B95E6D0087F8A2 /* Project object */;
}
